// !$*UTF8*$!
{
	archiveVersion = 1;
	classes = {
	};
	objectVersion = 56;
	objects = {

/* Begin PBXBuildFile section */
		449800012A1CADF200D36D54 /* FavoriteViewIntent.swift in Sources */ = {isa = PBXBuildFile; fileRef = 449800002A1CADF200D36D54 /* FavoriteViewIntent.swift */; };
		449800032A1CAE1600D36D54 /* FavoriteViewResult.swift in Sources */ = {isa = PBXBuildFile; fileRef = 449800022A1CAE1600D36D54 /* FavoriteViewResult.swift */; };
		449800052A1CAE5400D36D54 /* FavoriteViewState.swift in Sources */ = {isa = PBXBuildFile; fileRef = 449800042A1CAE5400D36D54 /* FavoriteViewState.swift */; };
		449800072A1CAEC200D36D54 /* FavoriteViewModel.swift in Sources */ = {isa = PBXBuildFile; fileRef = 449800062A1CAEC200D36D54 /* FavoriteViewModel.swift */; };
		449800092A1CB64700D36D54 /* GameDetailDao.swift in Sources */ = {isa = PBXBuildFile; fileRef = 449800082A1CB64700D36D54 /* GameDetailDao.swift */; };
		4498000B2A1CBA8B00D36D54 /* GameDetailService.swift in Sources */ = {isa = PBXBuildFile; fileRef = 4498000A2A1CBA8B00D36D54 /* GameDetailService.swift */; };
		4498000D2A1CBAF100D36D54 /* GameDetailRepository.swift in Sources */ = {isa = PBXBuildFile; fileRef = 4498000C2A1CBAF100D36D54 /* GameDetailRepository.swift */; };
		4498000F2A1CBB4200D36D54 /* GameDetailRepositoryImpl.swift in Sources */ = {isa = PBXBuildFile; fileRef = 4498000E2A1CBB4200D36D54 /* GameDetailRepositoryImpl.swift */; };
		4498001D2A1CCAF600D36D54 /* GameFinderTests.swift in Sources */ = {isa = PBXBuildFile; fileRef = 4498001C2A1CCAF600D36D54 /* GameFinderTests.swift */; };
		4498002E2A1CD5D100D36D54 /* DummyBuilder.swift in Sources */ = {isa = PBXBuildFile; fileRef = 4498002D2A1CD5D100D36D54 /* DummyBuilder.swift */; };
		449800302A1CFAFE00D36D54 /* MockApiClient.swift in Sources */ = {isa = PBXBuildFile; fileRef = 4498002F2A1CFAFE00D36D54 /* MockApiClient.swift */; };
		449800322A1CFBCE00D36D54 /* GameServiceTest.swift in Sources */ = {isa = PBXBuildFile; fileRef = 449800312A1CFBCE00D36D54 /* GameServiceTest.swift */; };
		449800342A1CFFF200D36D54 /* GameDetailServiceTest.swift in Sources */ = {isa = PBXBuildFile; fileRef = 449800332A1CFFF200D36D54 /* GameDetailServiceTest.swift */; };
		449800382A1D034B00D36D54 /* MockGameService.swift in Sources */ = {isa = PBXBuildFile; fileRef = 449800372A1D034B00D36D54 /* MockGameService.swift */; };
		4498003A2A1D03AA00D36D54 /* MockGameDao.swift in Sources */ = {isa = PBXBuildFile; fileRef = 449800392A1D03AA00D36D54 /* MockGameDao.swift */; };
		4498003C2A1D05F100D36D54 /* GameRepositoryTest.swift in Sources */ = {isa = PBXBuildFile; fileRef = 4498003B2A1D05F100D36D54 /* GameRepositoryTest.swift */; };
		4498003E2A1D0BF900D36D54 /* MockGameDetailService.swift in Sources */ = {isa = PBXBuildFile; fileRef = 4498003D2A1D0BF900D36D54 /* MockGameDetailService.swift */; };
		449800402A1D0C5600D36D54 /* MockGameDetailDao.swift in Sources */ = {isa = PBXBuildFile; fileRef = 4498003F2A1D0C5600D36D54 /* MockGameDetailDao.swift */; };
		449800422A1D0DC900D36D54 /* GameDetailRepositoryTest.swift in Sources */ = {isa = PBXBuildFile; fileRef = 449800412A1D0DC900D36D54 /* GameDetailRepositoryTest.swift */; };
		449800472A1D141F00D36D54 /* MockGameRepository.swift in Sources */ = {isa = PBXBuildFile; fileRef = 449800462A1D141F00D36D54 /* MockGameRepository.swift */; };
		449800492A1D14DE00D36D54 /* MockGameDetailRepository.swift in Sources */ = {isa = PBXBuildFile; fileRef = 449800482A1D14DE00D36D54 /* MockGameDetailRepository.swift */; };
		4498004B2A1DB64400D36D54 /* GetGameTest.swift in Sources */ = {isa = PBXBuildFile; fileRef = 4498004A2A1DB64400D36D54 /* GetGameTest.swift */; };
		4498004D2A1DB7D100D36D54 /* SearchGamesTest.swift in Sources */ = {isa = PBXBuildFile; fileRef = 4498004C2A1DB7D100D36D54 /* SearchGamesTest.swift */; };
		4498004F2A1DB9AD00D36D54 /* GetGameDetailTest.swift in Sources */ = {isa = PBXBuildFile; fileRef = 4498004E2A1DB9AD00D36D54 /* GetGameDetailTest.swift */; };
		449800512A1DBC7C00D36D54 /* GetFavoriteGamesTest.swift in Sources */ = {isa = PBXBuildFile; fileRef = 449800502A1DBC7C00D36D54 /* GetFavoriteGamesTest.swift */; };
		449800532A1DBD6500D36D54 /* AddFavoriteGameTest.swift in Sources */ = {isa = PBXBuildFile; fileRef = 449800522A1DBD6500D36D54 /* AddFavoriteGameTest.swift */; };
		449800552A1DBE4300D36D54 /* RemoveFavoriteGameTest.swift in Sources */ = {isa = PBXBuildFile; fileRef = 449800542A1DBE4300D36D54 /* RemoveFavoriteGameTest.swift */; };
		449800572A1DBFCE00D36D54 /* CheckFavoriteTest.swift in Sources */ = {isa = PBXBuildFile; fileRef = 449800562A1DBFCE00D36D54 /* CheckFavoriteTest.swift */; };
		4498FFF32A1C808300D36D54 /* GameExtensionMapper.swift in Sources */ = {isa = PBXBuildFile; fileRef = 4498FFF22A1C808300D36D54 /* GameExtensionMapper.swift */; };
		4498FFF52A1C831B00D36D54 /* GameDetailExtensionMapper.swift in Sources */ = {isa = PBXBuildFile; fileRef = 4498FFF42A1C831B00D36D54 /* GameDetailExtensionMapper.swift */; };
		4498FFF72A1C8A0800D36D54 /* GetFavoriteGames.swift in Sources */ = {isa = PBXBuildFile; fileRef = 4498FFF62A1C8A0800D36D54 /* GetFavoriteGames.swift */; };
		4498FFF92A1C8A5F00D36D54 /* AddFavoriteGame.swift in Sources */ = {isa = PBXBuildFile; fileRef = 4498FFF82A1C8A5F00D36D54 /* AddFavoriteGame.swift */; };
		4498FFFB2A1C8AAB00D36D54 /* RemoveFavoriteGame.swift in Sources */ = {isa = PBXBuildFile; fileRef = 4498FFFA2A1C8AAB00D36D54 /* RemoveFavoriteGame.swift */; };
		4498FFFD2A1C8B5A00D36D54 /* CheckFavorite.swift in Sources */ = {isa = PBXBuildFile; fileRef = 4498FFFC2A1C8B5900D36D54 /* CheckFavorite.swift */; };
		44A8BE3B2A1B66E200BE536D /* GameFinderApp.swift in Sources */ = {isa = PBXBuildFile; fileRef = 44A8BE3A2A1B66E200BE536D /* GameFinderApp.swift */; };
		44A8BE3D2A1B66E200BE536D /* ContentView.swift in Sources */ = {isa = PBXBuildFile; fileRef = 44A8BE3C2A1B66E200BE536D /* ContentView.swift */; };
		44A8BE3F2A1B66E400BE536D /* Assets.xcassets in Resources */ = {isa = PBXBuildFile; fileRef = 44A8BE3E2A1B66E400BE536D /* Assets.xcassets */; };
		44A8BE422A1B66E400BE536D /* Preview Assets.xcassets in Resources */ = {isa = PBXBuildFile; fileRef = 44A8BE412A1B66E400BE536D /* Preview Assets.xcassets */; };
		44A8BE442A1B66E400BE536D /* Persistence.swift in Sources */ = {isa = PBXBuildFile; fileRef = 44A8BE432A1B66E400BE536D /* Persistence.swift */; };
		44A8BE472A1B66E400BE536D /* GameFinder.xcdatamodeld in Sources */ = {isa = PBXBuildFile; fileRef = 44A8BE452A1B66E400BE536D /* GameFinder.xcdatamodeld */; };
		44A8BE522A1B8CCC00BE536D /* GamesResponse.swift in Sources */ = {isa = PBXBuildFile; fileRef = 44A8BE512A1B8CCC00BE536D /* GamesResponse.swift */; };
		44A8BE542A1B8D1000BE536D /* GameResponse.swift in Sources */ = {isa = PBXBuildFile; fileRef = 44A8BE532A1B8D1000BE536D /* GameResponse.swift */; };
		44A8BE562A1B8F7F00BE536D /* GameDetailResponse.swift in Sources */ = {isa = PBXBuildFile; fileRef = 44A8BE552A1B8F7F00BE536D /* GameDetailResponse.swift */; };
		44A8BE5A2A1B8FF300BE536D /* GamesRequest.swift in Sources */ = {isa = PBXBuildFile; fileRef = 44A8BE592A1B8FF300BE536D /* GamesRequest.swift */; };
		44A8BE5C2A1B90A500BE536D /* GameDetailRequest.swift in Sources */ = {isa = PBXBuildFile; fileRef = 44A8BE5B2A1B90A500BE536D /* GameDetailRequest.swift */; };
		44A8BE602A1B910400BE536D /* RequestConstant.swift in Sources */ = {isa = PBXBuildFile; fileRef = 44A8BE5F2A1B910400BE536D /* RequestConstant.swift */; };
		44A8BE632A1B946100BE536D /* ApiClient.swift in Sources */ = {isa = PBXBuildFile; fileRef = 44A8BE622A1B946100BE536D /* ApiClient.swift */; };
		44A8BE652A1B953500BE536D /* GameService.swift in Sources */ = {isa = PBXBuildFile; fileRef = 44A8BE642A1B953500BE536D /* GameService.swift */; };
		44A8BE692A1B98C900BE536D /* Game.swift in Sources */ = {isa = PBXBuildFile; fileRef = 44A8BE682A1B98C900BE536D /* Game.swift */; };
		44A8BE6B2A1B98F900BE536D /* GameDetail.swift in Sources */ = {isa = PBXBuildFile; fileRef = 44A8BE6A2A1B98F900BE536D /* GameDetail.swift */; };
		44A8BE6E2A1B99E200BE536D /* GameRepository.swift in Sources */ = {isa = PBXBuildFile; fileRef = 44A8BE6D2A1B99E200BE536D /* GameRepository.swift */; };
		44A8BE722A1B9A8600BE536D /* GameRepositoryImpl.swift in Sources */ = {isa = PBXBuildFile; fileRef = 44A8BE712A1B9A8600BE536D /* GameRepositoryImpl.swift */; };
		44A8BE752A1B9EFD00BE536D /* GetGames.swift in Sources */ = {isa = PBXBuildFile; fileRef = 44A8BE742A1B9EFD00BE536D /* GetGames.swift */; };
		44A8BE772A1BA09C00BE536D /* SearchGames.swift in Sources */ = {isa = PBXBuildFile; fileRef = 44A8BE762A1BA09C00BE536D /* SearchGames.swift */; };
		44A8BE792A1BA11000BE536D /* GetGameDetail.swift in Sources */ = {isa = PBXBuildFile; fileRef = 44A8BE782A1BA11000BE536D /* GetGameDetail.swift */; };
		44A8BE7E2A1BA1F400BE536D /* HomeView.swift in Sources */ = {isa = PBXBuildFile; fileRef = 44A8BE7D2A1BA1F400BE536D /* HomeView.swift */; };
		44A8BE812A1BA9E400BE536D /* GameView.swift in Sources */ = {isa = PBXBuildFile; fileRef = 44A8BE802A1BA9E400BE536D /* GameView.swift */; };
		44A8BE852A1BAA3200BE536D /* FavoriteView.swift in Sources */ = {isa = PBXBuildFile; fileRef = 44A8BE842A1BAA3200BE536D /* FavoriteView.swift */; };
		44A8BE882A1BAD7000BE536D /* GameItemView.swift in Sources */ = {isa = PBXBuildFile; fileRef = 44A8BE872A1BAD7000BE536D /* GameItemView.swift */; };
		44A8BE8B2A1BAE3400BE536D /* CachedNetworkImage.swift in Sources */ = {isa = PBXBuildFile; fileRef = 44A8BE8A2A1BAE3400BE536D /* CachedNetworkImage.swift */; };
		44A8BE8D2A1BB2B600BE536D /* GameRating.swift in Sources */ = {isa = PBXBuildFile; fileRef = 44A8BE8C2A1BB2B600BE536D /* GameRating.swift */; };
		44A8BE8F2A1BB4BA00BE536D /* GameReleaseDate.swift in Sources */ = {isa = PBXBuildFile; fileRef = 44A8BE8E2A1BB4BA00BE536D /* GameReleaseDate.swift */; };
		44A8BE912A1BB5F500BE536D /* ListGameView.swift in Sources */ = {isa = PBXBuildFile; fileRef = 44A8BE902A1BB5F400BE536D /* ListGameView.swift */; };
		44A8BE932A1BB81E00BE536D /* LoadingView.swift in Sources */ = {isa = PBXBuildFile; fileRef = 44A8BE922A1BB81E00BE536D /* LoadingView.swift */; };
		44A8BE952A1BB84F00BE536D /* ErrorView.swift in Sources */ = {isa = PBXBuildFile; fileRef = 44A8BE942A1BB84F00BE536D /* ErrorView.swift */; };
		44A8BE982A1BB95E00BE536D /* GameViewIntent.swift in Sources */ = {isa = PBXBuildFile; fileRef = 44A8BE972A1BB95E00BE536D /* GameViewIntent.swift */; };
		44A8BE9C2A1BB9C000BE536D /* GameViewResult.swift in Sources */ = {isa = PBXBuildFile; fileRef = 44A8BE9B2A1BB9C000BE536D /* GameViewResult.swift */; };
		44A8BE9E2A1BBA6500BE536D /* LoadMoreView.swift in Sources */ = {isa = PBXBuildFile; fileRef = 44A8BE9D2A1BBA6500BE536D /* LoadMoreView.swift */; };
		44A8BEA22A1BBAB800BE536D /* EndOfPageView.swift in Sources */ = {isa = PBXBuildFile; fileRef = 44A8BEA12A1BBAB800BE536D /* EndOfPageView.swift */; };
		44A8BEA42A1BBC0600BE536D /* GameViewState.swift in Sources */ = {isa = PBXBuildFile; fileRef = 44A8BEA32A1BBC0600BE536D /* GameViewState.swift */; };
		44A8BEA62A1BBCBD00BE536D /* GameViewModel.swift in Sources */ = {isa = PBXBuildFile; fileRef = 44A8BEA52A1BBCBD00BE536D /* GameViewModel.swift */; };
		44A8BEA92A1BBDCE00BE536D /* PublisherExtension.swift in Sources */ = {isa = PBXBuildFile; fileRef = 44A8BEA82A1BBDCE00BE536D /* PublisherExtension.swift */; };
		44A8BEAB2A1BCCB800BE536D /* SearchTextField.swift in Sources */ = {isa = PBXBuildFile; fileRef = 44A8BEAA2A1BCCB800BE536D /* SearchTextField.swift */; };
		44A8BEAD2A1BCFA000BE536D /* EmptyView.swift in Sources */ = {isa = PBXBuildFile; fileRef = 44A8BEAC2A1BCFA000BE536D /* EmptyView.swift */; };
		44A8BEB02A1C5C1900BE536D /* GameDetailView.swift in Sources */ = {isa = PBXBuildFile; fileRef = 44A8BEAF2A1C5C1900BE536D /* GameDetailView.swift */; };
		44A8BEB32A1C5C6300BE536D /* FavoriteButton.swift in Sources */ = {isa = PBXBuildFile; fileRef = 44A8BEB22A1C5C6300BE536D /* FavoriteButton.swift */; };
		44A8BEB62A1C5DD100BE536D /* GameDetailIntent.swift in Sources */ = {isa = PBXBuildFile; fileRef = 44A8BEB52A1C5DD100BE536D /* GameDetailIntent.swift */; };
		44A8BEB82A1C5E1300BE536D /* GameDetailResult.swift in Sources */ = {isa = PBXBuildFile; fileRef = 44A8BEB72A1C5E1300BE536D /* GameDetailResult.swift */; };
		44A8BEBA2A1C5EAA00BE536D /* GameDetailViewState.swift in Sources */ = {isa = PBXBuildFile; fileRef = 44A8BEB92A1C5EAA00BE536D /* GameDetailViewState.swift */; };
		44A8BEBC2A1C5F1B00BE536D /* GameDetailViewModel.swift in Sources */ = {isa = PBXBuildFile; fileRef = 44A8BEBB2A1C5F1B00BE536D /* GameDetailViewModel.swift */; };
		44A8BEBE2A1C610000BE536D /* DetailView.swift in Sources */ = {isa = PBXBuildFile; fileRef = 44A8BEBD2A1C610000BE536D /* DetailView.swift */; };
		44A8BEC02A1C68C600BE536D /* PlaytimeText.swift in Sources */ = {isa = PBXBuildFile; fileRef = 44A8BEBF2A1C68C600BE536D /* PlaytimeText.swift */; };
		44A8BEC62A1C6BEE00BE536D /* DetailTitle.swift in Sources */ = {isa = PBXBuildFile; fileRef = 44A8BEC52A1C6BEE00BE536D /* DetailTitle.swift */; };
		44A8BEC82A1C6C1E00BE536D /* DetailDescription.swift in Sources */ = {isa = PBXBuildFile; fileRef = 44A8BEC72A1C6C1E00BE536D /* DetailDescription.swift */; };
		44A8BECC2A1C76D300BE536D /* GameDao.swift in Sources */ = {isa = PBXBuildFile; fileRef = 44A8BECB2A1C76D300BE536D /* GameDao.swift */; };
/* End PBXBuildFile section */

/* Begin PBXContainerItemProxy section */
		4498001E2A1CCAF600D36D54 /* PBXContainerItemProxy */ = {
			isa = PBXContainerItemProxy;
			containerPortal = 44A8BE2F2A1B66E200BE536D /* Project object */;
			proxyType = 1;
			remoteGlobalIDString = 44A8BE362A1B66E200BE536D;
			remoteInfo = GameFinder;
		};
/* End PBXContainerItemProxy section */

/* Begin PBXFileReference section */
		449800002A1CADF200D36D54 /* FavoriteViewIntent.swift */ = {isa = PBXFileReference; lastKnownFileType = sourcecode.swift; path = FavoriteViewIntent.swift; sourceTree = "<group>"; };
		449800022A1CAE1600D36D54 /* FavoriteViewResult.swift */ = {isa = PBXFileReference; lastKnownFileType = sourcecode.swift; path = FavoriteViewResult.swift; sourceTree = "<group>"; };
		449800042A1CAE5400D36D54 /* FavoriteViewState.swift */ = {isa = PBXFileReference; lastKnownFileType = sourcecode.swift; path = FavoriteViewState.swift; sourceTree = "<group>"; };
		449800062A1CAEC200D36D54 /* FavoriteViewModel.swift */ = {isa = PBXFileReference; lastKnownFileType = sourcecode.swift; path = FavoriteViewModel.swift; sourceTree = "<group>"; };
		449800082A1CB64700D36D54 /* GameDetailDao.swift */ = {isa = PBXFileReference; lastKnownFileType = sourcecode.swift; path = GameDetailDao.swift; sourceTree = "<group>"; };
		4498000A2A1CBA8B00D36D54 /* GameDetailService.swift */ = {isa = PBXFileReference; lastKnownFileType = sourcecode.swift; path = GameDetailService.swift; sourceTree = "<group>"; };
		4498000C2A1CBAF100D36D54 /* GameDetailRepository.swift */ = {isa = PBXFileReference; lastKnownFileType = sourcecode.swift; path = GameDetailRepository.swift; sourceTree = "<group>"; };
		4498000E2A1CBB4200D36D54 /* GameDetailRepositoryImpl.swift */ = {isa = PBXFileReference; lastKnownFileType = sourcecode.swift; path = GameDetailRepositoryImpl.swift; sourceTree = "<group>"; };
		4498001A2A1CCAF600D36D54 /* GameFinderTests.xctest */ = {isa = PBXFileReference; explicitFileType = wrapper.cfbundle; includeInIndex = 0; path = GameFinderTests.xctest; sourceTree = BUILT_PRODUCTS_DIR; };
		4498001C2A1CCAF600D36D54 /* GameFinderTests.swift */ = {isa = PBXFileReference; lastKnownFileType = sourcecode.swift; path = GameFinderTests.swift; sourceTree = "<group>"; };
		4498002D2A1CD5D100D36D54 /* DummyBuilder.swift */ = {isa = PBXFileReference; lastKnownFileType = sourcecode.swift; path = DummyBuilder.swift; sourceTree = "<group>"; };
		4498002F2A1CFAFE00D36D54 /* MockApiClient.swift */ = {isa = PBXFileReference; lastKnownFileType = sourcecode.swift; path = MockApiClient.swift; sourceTree = "<group>"; };
		449800312A1CFBCE00D36D54 /* GameServiceTest.swift */ = {isa = PBXFileReference; lastKnownFileType = sourcecode.swift; path = GameServiceTest.swift; sourceTree = "<group>"; };
		449800332A1CFFF200D36D54 /* GameDetailServiceTest.swift */ = {isa = PBXFileReference; lastKnownFileType = sourcecode.swift; path = GameDetailServiceTest.swift; sourceTree = "<group>"; };
		449800372A1D034B00D36D54 /* MockGameService.swift */ = {isa = PBXFileReference; lastKnownFileType = sourcecode.swift; path = MockGameService.swift; sourceTree = "<group>"; };
		449800392A1D03AA00D36D54 /* MockGameDao.swift */ = {isa = PBXFileReference; lastKnownFileType = sourcecode.swift; path = MockGameDao.swift; sourceTree = "<group>"; };
		4498003B2A1D05F100D36D54 /* GameRepositoryTest.swift */ = {isa = PBXFileReference; lastKnownFileType = sourcecode.swift; path = GameRepositoryTest.swift; sourceTree = "<group>"; };
		4498003D2A1D0BF900D36D54 /* MockGameDetailService.swift */ = {isa = PBXFileReference; lastKnownFileType = sourcecode.swift; path = MockGameDetailService.swift; sourceTree = "<group>"; };
		4498003F2A1D0C5600D36D54 /* MockGameDetailDao.swift */ = {isa = PBXFileReference; lastKnownFileType = sourcecode.swift; path = MockGameDetailDao.swift; sourceTree = "<group>"; };
		449800412A1D0DC900D36D54 /* GameDetailRepositoryTest.swift */ = {isa = PBXFileReference; lastKnownFileType = sourcecode.swift; path = GameDetailRepositoryTest.swift; sourceTree = "<group>"; };
		449800462A1D141F00D36D54 /* MockGameRepository.swift */ = {isa = PBXFileReference; lastKnownFileType = sourcecode.swift; path = MockGameRepository.swift; sourceTree = "<group>"; };
		449800482A1D14DE00D36D54 /* MockGameDetailRepository.swift */ = {isa = PBXFileReference; lastKnownFileType = sourcecode.swift; path = MockGameDetailRepository.swift; sourceTree = "<group>"; };
		4498004A2A1DB64400D36D54 /* GetGameTest.swift */ = {isa = PBXFileReference; lastKnownFileType = sourcecode.swift; path = GetGameTest.swift; sourceTree = "<group>"; };
		4498004C2A1DB7D100D36D54 /* SearchGamesTest.swift */ = {isa = PBXFileReference; lastKnownFileType = sourcecode.swift; path = SearchGamesTest.swift; sourceTree = "<group>"; };
		4498004E2A1DB9AD00D36D54 /* GetGameDetailTest.swift */ = {isa = PBXFileReference; lastKnownFileType = sourcecode.swift; path = GetGameDetailTest.swift; sourceTree = "<group>"; };
		449800502A1DBC7C00D36D54 /* GetFavoriteGamesTest.swift */ = {isa = PBXFileReference; lastKnownFileType = sourcecode.swift; path = GetFavoriteGamesTest.swift; sourceTree = "<group>"; };
		449800522A1DBD6500D36D54 /* AddFavoriteGameTest.swift */ = {isa = PBXFileReference; lastKnownFileType = sourcecode.swift; path = AddFavoriteGameTest.swift; sourceTree = "<group>"; };
		449800542A1DBE4300D36D54 /* RemoveFavoriteGameTest.swift */ = {isa = PBXFileReference; lastKnownFileType = sourcecode.swift; path = RemoveFavoriteGameTest.swift; sourceTree = "<group>"; };
		449800562A1DBFCE00D36D54 /* CheckFavoriteTest.swift */ = {isa = PBXFileReference; lastKnownFileType = sourcecode.swift; path = CheckFavoriteTest.swift; sourceTree = "<group>"; };
		4498FFF22A1C808300D36D54 /* GameExtensionMapper.swift */ = {isa = PBXFileReference; lastKnownFileType = sourcecode.swift; path = GameExtensionMapper.swift; sourceTree = "<group>"; };
		4498FFF42A1C831B00D36D54 /* GameDetailExtensionMapper.swift */ = {isa = PBXFileReference; lastKnownFileType = sourcecode.swift; path = GameDetailExtensionMapper.swift; sourceTree = "<group>"; };
		4498FFF62A1C8A0800D36D54 /* GetFavoriteGames.swift */ = {isa = PBXFileReference; lastKnownFileType = sourcecode.swift; path = GetFavoriteGames.swift; sourceTree = "<group>"; };
		4498FFF82A1C8A5F00D36D54 /* AddFavoriteGame.swift */ = {isa = PBXFileReference; lastKnownFileType = sourcecode.swift; path = AddFavoriteGame.swift; sourceTree = "<group>"; };
		4498FFFA2A1C8AAB00D36D54 /* RemoveFavoriteGame.swift */ = {isa = PBXFileReference; lastKnownFileType = sourcecode.swift; path = RemoveFavoriteGame.swift; sourceTree = "<group>"; };
		4498FFFC2A1C8B5900D36D54 /* CheckFavorite.swift */ = {isa = PBXFileReference; lastKnownFileType = sourcecode.swift; path = CheckFavorite.swift; sourceTree = "<group>"; };
		44A8BE372A1B66E200BE536D /* GameFinder.app */ = {isa = PBXFileReference; explicitFileType = wrapper.application; includeInIndex = 0; path = GameFinder.app; sourceTree = BUILT_PRODUCTS_DIR; };
		44A8BE3A2A1B66E200BE536D /* GameFinderApp.swift */ = {isa = PBXFileReference; lastKnownFileType = sourcecode.swift; path = GameFinderApp.swift; sourceTree = "<group>"; };
		44A8BE3C2A1B66E200BE536D /* ContentView.swift */ = {isa = PBXFileReference; lastKnownFileType = sourcecode.swift; path = ContentView.swift; sourceTree = "<group>"; };
		44A8BE3E2A1B66E400BE536D /* Assets.xcassets */ = {isa = PBXFileReference; lastKnownFileType = folder.assetcatalog; path = Assets.xcassets; sourceTree = "<group>"; };
		44A8BE412A1B66E400BE536D /* Preview Assets.xcassets */ = {isa = PBXFileReference; lastKnownFileType = folder.assetcatalog; path = "Preview Assets.xcassets"; sourceTree = "<group>"; };
		44A8BE432A1B66E400BE536D /* Persistence.swift */ = {isa = PBXFileReference; lastKnownFileType = sourcecode.swift; path = Persistence.swift; sourceTree = "<group>"; };
		44A8BE462A1B66E400BE536D /* GameFinder.xcdatamodel */ = {isa = PBXFileReference; lastKnownFileType = wrapper.xcdatamodel; path = GameFinder.xcdatamodel; sourceTree = "<group>"; };
		44A8BE512A1B8CCC00BE536D /* GamesResponse.swift */ = {isa = PBXFileReference; lastKnownFileType = sourcecode.swift; path = GamesResponse.swift; sourceTree = "<group>"; };
		44A8BE532A1B8D1000BE536D /* GameResponse.swift */ = {isa = PBXFileReference; lastKnownFileType = sourcecode.swift; path = GameResponse.swift; sourceTree = "<group>"; };
		44A8BE552A1B8F7F00BE536D /* GameDetailResponse.swift */ = {isa = PBXFileReference; lastKnownFileType = sourcecode.swift; path = GameDetailResponse.swift; sourceTree = "<group>"; };
		44A8BE592A1B8FF300BE536D /* GamesRequest.swift */ = {isa = PBXFileReference; lastKnownFileType = sourcecode.swift; path = GamesRequest.swift; sourceTree = "<group>"; };
		44A8BE5B2A1B90A500BE536D /* GameDetailRequest.swift */ = {isa = PBXFileReference; lastKnownFileType = sourcecode.swift; path = GameDetailRequest.swift; sourceTree = "<group>"; };
		44A8BE5F2A1B910400BE536D /* RequestConstant.swift */ = {isa = PBXFileReference; lastKnownFileType = sourcecode.swift; path = RequestConstant.swift; sourceTree = "<group>"; };
		44A8BE622A1B946100BE536D /* ApiClient.swift */ = {isa = PBXFileReference; lastKnownFileType = sourcecode.swift; path = ApiClient.swift; sourceTree = "<group>"; };
		44A8BE642A1B953500BE536D /* GameService.swift */ = {isa = PBXFileReference; lastKnownFileType = sourcecode.swift; path = GameService.swift; sourceTree = "<group>"; };
		44A8BE682A1B98C900BE536D /* Game.swift */ = {isa = PBXFileReference; lastKnownFileType = sourcecode.swift; path = Game.swift; sourceTree = "<group>"; };
		44A8BE6A2A1B98F900BE536D /* GameDetail.swift */ = {isa = PBXFileReference; lastKnownFileType = sourcecode.swift; path = GameDetail.swift; sourceTree = "<group>"; };
		44A8BE6D2A1B99E200BE536D /* GameRepository.swift */ = {isa = PBXFileReference; lastKnownFileType = sourcecode.swift; path = GameRepository.swift; sourceTree = "<group>"; };
		44A8BE712A1B9A8600BE536D /* GameRepositoryImpl.swift */ = {isa = PBXFileReference; lastKnownFileType = sourcecode.swift; path = GameRepositoryImpl.swift; sourceTree = "<group>"; };
		44A8BE742A1B9EFD00BE536D /* GetGames.swift */ = {isa = PBXFileReference; lastKnownFileType = sourcecode.swift; path = GetGames.swift; sourceTree = "<group>"; };
		44A8BE762A1BA09C00BE536D /* SearchGames.swift */ = {isa = PBXFileReference; lastKnownFileType = sourcecode.swift; path = SearchGames.swift; sourceTree = "<group>"; };
		44A8BE782A1BA11000BE536D /* GetGameDetail.swift */ = {isa = PBXFileReference; lastKnownFileType = sourcecode.swift; path = GetGameDetail.swift; sourceTree = "<group>"; };
		44A8BE7D2A1BA1F400BE536D /* HomeView.swift */ = {isa = PBXFileReference; lastKnownFileType = sourcecode.swift; path = HomeView.swift; sourceTree = "<group>"; };
		44A8BE802A1BA9E400BE536D /* GameView.swift */ = {isa = PBXFileReference; lastKnownFileType = sourcecode.swift; path = GameView.swift; sourceTree = "<group>"; };
		44A8BE842A1BAA3200BE536D /* FavoriteView.swift */ = {isa = PBXFileReference; lastKnownFileType = sourcecode.swift; path = FavoriteView.swift; sourceTree = "<group>"; };
		44A8BE872A1BAD7000BE536D /* GameItemView.swift */ = {isa = PBXFileReference; lastKnownFileType = sourcecode.swift; path = GameItemView.swift; sourceTree = "<group>"; };
		44A8BE8A2A1BAE3400BE536D /* CachedNetworkImage.swift */ = {isa = PBXFileReference; lastKnownFileType = sourcecode.swift; path = CachedNetworkImage.swift; sourceTree = "<group>"; };
		44A8BE8C2A1BB2B600BE536D /* GameRating.swift */ = {isa = PBXFileReference; lastKnownFileType = sourcecode.swift; path = GameRating.swift; sourceTree = "<group>"; };
		44A8BE8E2A1BB4BA00BE536D /* GameReleaseDate.swift */ = {isa = PBXFileReference; lastKnownFileType = sourcecode.swift; path = GameReleaseDate.swift; sourceTree = "<group>"; };
		44A8BE902A1BB5F400BE536D /* ListGameView.swift */ = {isa = PBXFileReference; lastKnownFileType = sourcecode.swift; path = ListGameView.swift; sourceTree = "<group>"; };
		44A8BE922A1BB81E00BE536D /* LoadingView.swift */ = {isa = PBXFileReference; lastKnownFileType = sourcecode.swift; path = LoadingView.swift; sourceTree = "<group>"; };
		44A8BE942A1BB84F00BE536D /* ErrorView.swift */ = {isa = PBXFileReference; lastKnownFileType = sourcecode.swift; path = ErrorView.swift; sourceTree = "<group>"; };
		44A8BE972A1BB95E00BE536D /* GameViewIntent.swift */ = {isa = PBXFileReference; lastKnownFileType = sourcecode.swift; path = GameViewIntent.swift; sourceTree = "<group>"; };
		44A8BE9B2A1BB9C000BE536D /* GameViewResult.swift */ = {isa = PBXFileReference; lastKnownFileType = sourcecode.swift; path = GameViewResult.swift; sourceTree = "<group>"; };
		44A8BE9D2A1BBA6500BE536D /* LoadMoreView.swift */ = {isa = PBXFileReference; lastKnownFileType = sourcecode.swift; path = LoadMoreView.swift; sourceTree = "<group>"; };
		44A8BEA12A1BBAB800BE536D /* EndOfPageView.swift */ = {isa = PBXFileReference; lastKnownFileType = sourcecode.swift; path = EndOfPageView.swift; sourceTree = "<group>"; };
		44A8BEA32A1BBC0600BE536D /* GameViewState.swift */ = {isa = PBXFileReference; lastKnownFileType = sourcecode.swift; path = GameViewState.swift; sourceTree = "<group>"; };
		44A8BEA52A1BBCBD00BE536D /* GameViewModel.swift */ = {isa = PBXFileReference; lastKnownFileType = sourcecode.swift; path = GameViewModel.swift; sourceTree = "<group>"; };
		44A8BEA82A1BBDCE00BE536D /* PublisherExtension.swift */ = {isa = PBXFileReference; lastKnownFileType = sourcecode.swift; path = PublisherExtension.swift; sourceTree = "<group>"; };
		44A8BEAA2A1BCCB800BE536D /* SearchTextField.swift */ = {isa = PBXFileReference; lastKnownFileType = sourcecode.swift; path = SearchTextField.swift; sourceTree = "<group>"; };
		44A8BEAC2A1BCFA000BE536D /* EmptyView.swift */ = {isa = PBXFileReference; lastKnownFileType = sourcecode.swift; path = EmptyView.swift; sourceTree = "<group>"; };
		44A8BEAF2A1C5C1900BE536D /* GameDetailView.swift */ = {isa = PBXFileReference; lastKnownFileType = sourcecode.swift; path = GameDetailView.swift; sourceTree = "<group>"; };
		44A8BEB22A1C5C6300BE536D /* FavoriteButton.swift */ = {isa = PBXFileReference; lastKnownFileType = sourcecode.swift; path = FavoriteButton.swift; sourceTree = "<group>"; };
		44A8BEB52A1C5DD100BE536D /* GameDetailIntent.swift */ = {isa = PBXFileReference; lastKnownFileType = sourcecode.swift; path = GameDetailIntent.swift; sourceTree = "<group>"; };
		44A8BEB72A1C5E1300BE536D /* GameDetailResult.swift */ = {isa = PBXFileReference; lastKnownFileType = sourcecode.swift; path = GameDetailResult.swift; sourceTree = "<group>"; };
		44A8BEB92A1C5EAA00BE536D /* GameDetailViewState.swift */ = {isa = PBXFileReference; lastKnownFileType = sourcecode.swift; path = GameDetailViewState.swift; sourceTree = "<group>"; };
		44A8BEBB2A1C5F1B00BE536D /* GameDetailViewModel.swift */ = {isa = PBXFileReference; lastKnownFileType = sourcecode.swift; path = GameDetailViewModel.swift; sourceTree = "<group>"; };
		44A8BEBD2A1C610000BE536D /* DetailView.swift */ = {isa = PBXFileReference; lastKnownFileType = sourcecode.swift; path = DetailView.swift; sourceTree = "<group>"; };
		44A8BEBF2A1C68C600BE536D /* PlaytimeText.swift */ = {isa = PBXFileReference; lastKnownFileType = sourcecode.swift; path = PlaytimeText.swift; sourceTree = "<group>"; };
		44A8BEC52A1C6BEE00BE536D /* DetailTitle.swift */ = {isa = PBXFileReference; lastKnownFileType = sourcecode.swift; path = DetailTitle.swift; sourceTree = "<group>"; };
		44A8BEC72A1C6C1E00BE536D /* DetailDescription.swift */ = {isa = PBXFileReference; lastKnownFileType = sourcecode.swift; path = DetailDescription.swift; sourceTree = "<group>"; };
		44A8BECB2A1C76D300BE536D /* GameDao.swift */ = {isa = PBXFileReference; lastKnownFileType = sourcecode.swift; path = GameDao.swift; sourceTree = "<group>"; };
/* End PBXFileReference section */

/* Begin PBXFrameworksBuildPhase section */
		449800172A1CCAF600D36D54 /* Frameworks */ = {
			isa = PBXFrameworksBuildPhase;
			buildActionMask = 2147483647;
			files = (
			);
			runOnlyForDeploymentPostprocessing = 0;
		};
		44A8BE342A1B66E200BE536D /* Frameworks */ = {
			isa = PBXFrameworksBuildPhase;
			buildActionMask = 2147483647;
			files = (
			);
			runOnlyForDeploymentPostprocessing = 0;
		};
/* End PBXFrameworksBuildPhase section */

/* Begin PBXGroup section */
		4498001B2A1CCAF600D36D54 /* GameFinderTests */ = {
			isa = PBXGroup;
			children = (
				4498002C2A1CD5C200D36D54 /* Helper */,
				449800242A1CCB1100D36D54 /* Data */,
				4498001C2A1CCAF600D36D54 /* GameFinderTests.swift */,
			);
			path = GameFinderTests;
			sourceTree = "<group>";
		};
		449800242A1CCB1100D36D54 /* Data */ = {
			isa = PBXGroup;
			children = (
				449800252A1CCB1600D36D54 /* Source */,
			);
			path = Data;
			sourceTree = "<group>";
		};
		449800252A1CCB1600D36D54 /* Source */ = {
			isa = PBXGroup;
			children = (
				449800442A1D138500D36D54 /* Domain */,
				449800352A1D032D00D36D54 /* Repository */,
				449800262A1CCB2200D36D54 /* Network */,
			);
			path = Source;
			sourceTree = "<group>";
		};
		449800262A1CCB2200D36D54 /* Network */ = {
			isa = PBXGroup;
			children = (
				449800292A1CCB3500D36D54 /* Mock */,
				449800312A1CFBCE00D36D54 /* GameServiceTest.swift */,
				449800332A1CFFF200D36D54 /* GameDetailServiceTest.swift */,
			);
			path = Network;
			sourceTree = "<group>";
		};
		449800292A1CCB3500D36D54 /* Mock */ = {
			isa = PBXGroup;
			children = (
				4498002F2A1CFAFE00D36D54 /* MockApiClient.swift */,
			);
			path = Mock;
			sourceTree = "<group>";
		};
		4498002C2A1CD5C200D36D54 /* Helper */ = {
			isa = PBXGroup;
			children = (
				4498002D2A1CD5D100D36D54 /* DummyBuilder.swift */,
			);
			path = Helper;
			sourceTree = "<group>";
		};
		449800352A1D032D00D36D54 /* Repository */ = {
			isa = PBXGroup;
			children = (
				449800362A1D033400D36D54 /* Mock */,
				4498003B2A1D05F100D36D54 /* GameRepositoryTest.swift */,
				449800412A1D0DC900D36D54 /* GameDetailRepositoryTest.swift */,
			);
			path = Repository;
			sourceTree = "<group>";
		};
		449800362A1D033400D36D54 /* Mock */ = {
			isa = PBXGroup;
			children = (
				449800372A1D034B00D36D54 /* MockGameService.swift */,
				449800392A1D03AA00D36D54 /* MockGameDao.swift */,
				4498003D2A1D0BF900D36D54 /* MockGameDetailService.swift */,
				4498003F2A1D0C5600D36D54 /* MockGameDetailDao.swift */,
			);
			path = Mock;
			sourceTree = "<group>";
		};
		449800432A1D137A00D36D54 /* UseCases */ = {
			isa = PBXGroup;
			children = (
				4498004A2A1DB64400D36D54 /* GetGameTest.swift */,
				4498004C2A1DB7D100D36D54 /* SearchGamesTest.swift */,
				4498004E2A1DB9AD00D36D54 /* GetGameDetailTest.swift */,
				449800502A1DBC7C00D36D54 /* GetFavoriteGamesTest.swift */,
				449800522A1DBD6500D36D54 /* AddFavoriteGameTest.swift */,
				449800542A1DBE4300D36D54 /* RemoveFavoriteGameTest.swift */,
				449800562A1DBFCE00D36D54 /* CheckFavoriteTest.swift */,
			);
			path = UseCases;
			sourceTree = "<group>";
		};
		449800442A1D138500D36D54 /* Domain */ = {
			isa = PBXGroup;
			children = (
				449800452A1D138B00D36D54 /* Mock */,
				449800432A1D137A00D36D54 /* UseCases */,
			);
			path = Domain;
			sourceTree = "<group>";
		};
		449800452A1D138B00D36D54 /* Mock */ = {
			isa = PBXGroup;
			children = (
				449800462A1D141F00D36D54 /* MockGameRepository.swift */,
				449800482A1D14DE00D36D54 /* MockGameDetailRepository.swift */,
			);
			path = Mock;
			sourceTree = "<group>";
		};
		4498FFF12A1C806E00D36D54 /* Extension */ = {
			isa = PBXGroup;
			children = (
				4498FFF22A1C808300D36D54 /* GameExtensionMapper.swift */,
				4498FFF42A1C831B00D36D54 /* GameDetailExtensionMapper.swift */,
			);
			path = Extension;
			sourceTree = "<group>";
		};
		4498FFFE2A1CADBC00D36D54 /* Components */ = {
			isa = PBXGroup;
			children = (
				44A8BE872A1BAD7000BE536D /* GameItemView.swift */,
				44A8BE902A1BB5F400BE536D /* ListGameView.swift */,
				44A8BE9D2A1BBA6500BE536D /* LoadMoreView.swift */,
				44A8BEA12A1BBAB800BE536D /* EndOfPageView.swift */,
			);
			path = Components;
			sourceTree = "<group>";
		};
		4498FFFF2A1CADE300D36D54 /* ViewModel */ = {
			isa = PBXGroup;
			children = (
				449800002A1CADF200D36D54 /* FavoriteViewIntent.swift */,
				449800022A1CAE1600D36D54 /* FavoriteViewResult.swift */,
				449800042A1CAE5400D36D54 /* FavoriteViewState.swift */,
				449800062A1CAEC200D36D54 /* FavoriteViewModel.swift */,
			);
			path = ViewModel;
			sourceTree = "<group>";
		};
		44A8BE2E2A1B66E200BE536D = {
			isa = PBXGroup;
			children = (
				44A8BE392A1B66E200BE536D /* GameFinder */,
				4498001B2A1CCAF600D36D54 /* GameFinderTests */,
				44A8BE382A1B66E200BE536D /* Products */,
			);
			sourceTree = "<group>";
		};
		44A8BE382A1B66E200BE536D /* Products */ = {
			isa = PBXGroup;
			children = (
				44A8BE372A1B66E200BE536D /* GameFinder.app */,
				4498001A2A1CCAF600D36D54 /* GameFinderTests.xctest */,
			);
			name = Products;
			sourceTree = "<group>";
		};
		44A8BE392A1B66E200BE536D /* GameFinder */ = {
			isa = PBXGroup;
			children = (
				44A8BEA72A1BBDBA00BE536D /* Extension */,
				44A8BE7A2A1BA1C400BE536D /* Presenter */,
				44A8BE662A1B98B400BE536D /* Domain */,
				44A8BE4D2A1B8C1900BE536D /* Data */,
				44A8BE3A2A1B66E200BE536D /* GameFinderApp.swift */,
				44A8BE3C2A1B66E200BE536D /* ContentView.swift */,
				44A8BE3E2A1B66E400BE536D /* Assets.xcassets */,
				44A8BE402A1B66E400BE536D /* Preview Content */,
			);
			path = GameFinder;
			sourceTree = "<group>";
		};
		44A8BE402A1B66E400BE536D /* Preview Content */ = {
			isa = PBXGroup;
			children = (
				44A8BE412A1B66E400BE536D /* Preview Assets.xcassets */,
			);
			path = "Preview Content";
			sourceTree = "<group>";
		};
		44A8BE4D2A1B8C1900BE536D /* Data */ = {
			isa = PBXGroup;
			children = (
				44A8BE702A1B9A7900BE536D /* Repository */,
				44A8BE4E2A1B8C2100BE536D /* Source */,
			);
			path = Data;
			sourceTree = "<group>";
		};
		44A8BE4E2A1B8C2100BE536D /* Source */ = {
			isa = PBXGroup;
			children = (
				44A8BEC92A1C768700BE536D /* Local */,
				44A8BE4F2A1B8C2A00BE536D /* Network */,
			);
			path = Source;
			sourceTree = "<group>";
		};
		44A8BE4F2A1B8C2A00BE536D /* Network */ = {
			isa = PBXGroup;
			children = (
				44A8BE572A1B8F8900BE536D /* Model */,
				44A8BE622A1B946100BE536D /* ApiClient.swift */,
				44A8BE642A1B953500BE536D /* GameService.swift */,
				4498000A2A1CBA8B00D36D54 /* GameDetailService.swift */,
			);
			path = Network;
			sourceTree = "<group>";
		};
		44A8BE502A1B8C5E00BE536D /* Response */ = {
			isa = PBXGroup;
			children = (
				44A8BE512A1B8CCC00BE536D /* GamesResponse.swift */,
				44A8BE532A1B8D1000BE536D /* GameResponse.swift */,
				44A8BE552A1B8F7F00BE536D /* GameDetailResponse.swift */,
			);
			path = Response;
			sourceTree = "<group>";
		};
		44A8BE572A1B8F8900BE536D /* Model */ = {
			isa = PBXGroup;
			children = (
				44A8BE582A1B8FDE00BE536D /* Request */,
				44A8BE502A1B8C5E00BE536D /* Response */,
			);
			path = Model;
			sourceTree = "<group>";
		};
		44A8BE582A1B8FDE00BE536D /* Request */ = {
			isa = PBXGroup;
			children = (
				44A8BE592A1B8FF300BE536D /* GamesRequest.swift */,
				44A8BE5B2A1B90A500BE536D /* GameDetailRequest.swift */,
				44A8BE5F2A1B910400BE536D /* RequestConstant.swift */,
			);
			path = Request;
			sourceTree = "<group>";
		};
		44A8BE662A1B98B400BE536D /* Domain */ = {
			isa = PBXGroup;
			children = (
				44A8BE732A1B9ED400BE536D /* UseCases */,
				44A8BE6C2A1B99D400BE536D /* Repository */,
				44A8BE672A1B98BB00BE536D /* Entities */,
			);
			path = Domain;
			sourceTree = "<group>";
		};
		44A8BE672A1B98BB00BE536D /* Entities */ = {
			isa = PBXGroup;
			children = (
				44A8BE682A1B98C900BE536D /* Game.swift */,
				44A8BE6A2A1B98F900BE536D /* GameDetail.swift */,
			);
			path = Entities;
			sourceTree = "<group>";
		};
		44A8BE6C2A1B99D400BE536D /* Repository */ = {
			isa = PBXGroup;
			children = (
				44A8BE6D2A1B99E200BE536D /* GameRepository.swift */,
				4498000C2A1CBAF100D36D54 /* GameDetailRepository.swift */,
			);
			path = Repository;
			sourceTree = "<group>";
		};
		44A8BE702A1B9A7900BE536D /* Repository */ = {
			isa = PBXGroup;
			children = (
				44A8BE712A1B9A8600BE536D /* GameRepositoryImpl.swift */,
				4498000E2A1CBB4200D36D54 /* GameDetailRepositoryImpl.swift */,
			);
			path = Repository;
			sourceTree = "<group>";
		};
		44A8BE732A1B9ED400BE536D /* UseCases */ = {
			isa = PBXGroup;
			children = (
				44A8BE742A1B9EFD00BE536D /* GetGames.swift */,
				44A8BE762A1BA09C00BE536D /* SearchGames.swift */,
				44A8BE782A1BA11000BE536D /* GetGameDetail.swift */,
				4498FFF62A1C8A0800D36D54 /* GetFavoriteGames.swift */,
				4498FFF82A1C8A5F00D36D54 /* AddFavoriteGame.swift */,
				4498FFFA2A1C8AAB00D36D54 /* RemoveFavoriteGame.swift */,
				4498FFFC2A1C8B5900D36D54 /* CheckFavorite.swift */,
			);
			path = UseCases;
			sourceTree = "<group>";
		};
		44A8BE7A2A1BA1C400BE536D /* Presenter */ = {
			isa = PBXGroup;
			children = (
				44A8BE7B2A1BA1CF00BE536D /* Views */,
			);
			path = Presenter;
			sourceTree = "<group>";
		};
		44A8BE7B2A1BA1CF00BE536D /* Views */ = {
			isa = PBXGroup;
			children = (
				44A8BEAE2A1C58AB00BE536D /* GameDetail */,
				44A8BE892A1BAE2700BE536D /* Components */,
				44A8BE7C2A1BA1E400BE536D /* Home */,
			);
			path = Views;
			sourceTree = "<group>";
		};
		44A8BE7C2A1BA1E400BE536D /* Home */ = {
			isa = PBXGroup;
			children = (
				44A8BE832A1BAA2700BE536D /* Favorite */,
				44A8BE7F2A1BA9D200BE536D /* Game */,
				4498FFFE2A1CADBC00D36D54 /* Components */,
				44A8BE7D2A1BA1F400BE536D /* HomeView.swift */,
			);
			path = Home;
			sourceTree = "<group>";
		};
		44A8BE7F2A1BA9D200BE536D /* Game */ = {
			isa = PBXGroup;
			children = (
				44A8BE962A1BB94700BE536D /* ViewModel */,
				44A8BE862A1BAD6100BE536D /* Components */,
				44A8BE802A1BA9E400BE536D /* GameView.swift */,
			);
			path = Game;
			sourceTree = "<group>";
		};
		44A8BE832A1BAA2700BE536D /* Favorite */ = {
			isa = PBXGroup;
			children = (
				4498FFFF2A1CADE300D36D54 /* ViewModel */,
				44A8BE842A1BAA3200BE536D /* FavoriteView.swift */,
			);
			path = Favorite;
			sourceTree = "<group>";
		};
		44A8BE862A1BAD6100BE536D /* Components */ = {
			isa = PBXGroup;
			children = (
				44A8BEAA2A1BCCB800BE536D /* SearchTextField.swift */,
			);
			path = Components;
			sourceTree = "<group>";
		};
		44A8BE892A1BAE2700BE536D /* Components */ = {
			isa = PBXGroup;
			children = (
				44A8BE8C2A1BB2B600BE536D /* GameRating.swift */,
				44A8BE8E2A1BB4BA00BE536D /* GameReleaseDate.swift */,
				44A8BE922A1BB81E00BE536D /* LoadingView.swift */,
				44A8BE942A1BB84F00BE536D /* ErrorView.swift */,
				44A8BEAC2A1BCFA000BE536D /* EmptyView.swift */,
				44A8BE8A2A1BAE3400BE536D /* CachedNetworkImage.swift */,
			);
			path = Components;
			sourceTree = "<group>";
		};
		44A8BE962A1BB94700BE536D /* ViewModel */ = {
			isa = PBXGroup;
			children = (
				44A8BE972A1BB95E00BE536D /* GameViewIntent.swift */,
				44A8BE9B2A1BB9C000BE536D /* GameViewResult.swift */,
				44A8BEA32A1BBC0600BE536D /* GameViewState.swift */,
				44A8BEA52A1BBCBD00BE536D /* GameViewModel.swift */,
			);
			path = ViewModel;
			sourceTree = "<group>";
		};
		44A8BEA72A1BBDBA00BE536D /* Extension */ = {
			isa = PBXGroup;
			children = (
				44A8BEA82A1BBDCE00BE536D /* PublisherExtension.swift */,
			);
			path = Extension;
			sourceTree = "<group>";
		};
		44A8BEAE2A1C58AB00BE536D /* GameDetail */ = {
			isa = PBXGroup;
			children = (
				44A8BEB42A1C5DBC00BE536D /* ViewModel */,
				44A8BEB12A1C5C4F00BE536D /* Components */,
				44A8BEAF2A1C5C1900BE536D /* GameDetailView.swift */,
			);
			path = GameDetail;
			sourceTree = "<group>";
		};
		44A8BEB12A1C5C4F00BE536D /* Components */ = {
			isa = PBXGroup;
			children = (
				44A8BEB22A1C5C6300BE536D /* FavoriteButton.swift */,
				44A8BEBD2A1C610000BE536D /* DetailView.swift */,
				44A8BEBF2A1C68C600BE536D /* PlaytimeText.swift */,
				44A8BEC52A1C6BEE00BE536D /* DetailTitle.swift */,
				44A8BEC72A1C6C1E00BE536D /* DetailDescription.swift */,
			);
			path = Components;
			sourceTree = "<group>";
		};
		44A8BEB42A1C5DBC00BE536D /* ViewModel */ = {
			isa = PBXGroup;
			children = (
				44A8BEB52A1C5DD100BE536D /* GameDetailIntent.swift */,
				44A8BEB72A1C5E1300BE536D /* GameDetailResult.swift */,
				44A8BEB92A1C5EAA00BE536D /* GameDetailViewState.swift */,
				44A8BEBB2A1C5F1B00BE536D /* GameDetailViewModel.swift */,
			);
			path = ViewModel;
			sourceTree = "<group>";
		};
		44A8BEC92A1C768700BE536D /* Local */ = {
			isa = PBXGroup;
			children = (
				4498FFF12A1C806E00D36D54 /* Extension */,
				44A8BE432A1B66E400BE536D /* Persistence.swift */,
				44A8BECA2A1C768E00BE536D /* Database */,
				44A8BECB2A1C76D300BE536D /* GameDao.swift */,
				449800082A1CB64700D36D54 /* GameDetailDao.swift */,
			);
			path = Local;
			sourceTree = "<group>";
		};
		44A8BECA2A1C768E00BE536D /* Database */ = {
			isa = PBXGroup;
			children = (
				44A8BE452A1B66E400BE536D /* GameFinder.xcdatamodeld */,
			);
			path = Database;
			sourceTree = "<group>";
		};
/* End PBXGroup section */

/* Begin PBXNativeTarget section */
		449800192A1CCAF600D36D54 /* GameFinderTests */ = {
			isa = PBXNativeTarget;
			buildConfigurationList = 449800202A1CCAF600D36D54 /* Build configuration list for PBXNativeTarget "GameFinderTests" */;
			buildPhases = (
				449800162A1CCAF600D36D54 /* Sources */,
				449800172A1CCAF600D36D54 /* Frameworks */,
				449800182A1CCAF600D36D54 /* Resources */,
			);
			buildRules = (
			);
			dependencies = (
				4498001F2A1CCAF600D36D54 /* PBXTargetDependency */,
			);
			name = GameFinderTests;
			productName = GameFinderTests;
			productReference = 4498001A2A1CCAF600D36D54 /* GameFinderTests.xctest */;
			productType = "com.apple.product-type.bundle.unit-test";
		};
		44A8BE362A1B66E200BE536D /* GameFinder */ = {
			isa = PBXNativeTarget;
			buildConfigurationList = 44A8BE4A2A1B66E400BE536D /* Build configuration list for PBXNativeTarget "GameFinder" */;
			buildPhases = (
				44A8BE332A1B66E200BE536D /* Sources */,
				44A8BE342A1B66E200BE536D /* Frameworks */,
				44A8BE352A1B66E200BE536D /* Resources */,
			);
			buildRules = (
			);
			dependencies = (
			);
			name = GameFinder;
			productName = GameFinder;
			productReference = 44A8BE372A1B66E200BE536D /* GameFinder.app */;
			productType = "com.apple.product-type.application";
		};
/* End PBXNativeTarget section */

/* Begin PBXProject section */
		44A8BE2F2A1B66E200BE536D /* Project object */ = {
			isa = PBXProject;
			attributes = {
				BuildIndependentTargetsInParallel = 1;
				LastSwiftUpdateCheck = 1430;
				LastUpgradeCheck = 1430;
				TargetAttributes = {
					449800192A1CCAF600D36D54 = {
						CreatedOnToolsVersion = 14.3;
						TestTargetID = 44A8BE362A1B66E200BE536D;
					};
					44A8BE362A1B66E200BE536D = {
						CreatedOnToolsVersion = 14.3;
					};
				};
			};
			buildConfigurationList = 44A8BE322A1B66E200BE536D /* Build configuration list for PBXProject "GameFinder" */;
			compatibilityVersion = "Xcode 14.0";
			developmentRegion = en;
			hasScannedForEncodings = 0;
			knownRegions = (
				en,
				Base,
			);
			mainGroup = 44A8BE2E2A1B66E200BE536D;
			productRefGroup = 44A8BE382A1B66E200BE536D /* Products */;
			projectDirPath = "";
			projectRoot = "";
			targets = (
				44A8BE362A1B66E200BE536D /* GameFinder */,
				449800192A1CCAF600D36D54 /* GameFinderTests */,
			);
		};
/* End PBXProject section */

/* Begin PBXResourcesBuildPhase section */
		449800182A1CCAF600D36D54 /* Resources */ = {
			isa = PBXResourcesBuildPhase;
			buildActionMask = 2147483647;
			files = (
			);
			runOnlyForDeploymentPostprocessing = 0;
		};
		44A8BE352A1B66E200BE536D /* Resources */ = {
			isa = PBXResourcesBuildPhase;
			buildActionMask = 2147483647;
			files = (
				44A8BE422A1B66E400BE536D /* Preview Assets.xcassets in Resources */,
				44A8BE3F2A1B66E400BE536D /* Assets.xcassets in Resources */,
			);
			runOnlyForDeploymentPostprocessing = 0;
		};
/* End PBXResourcesBuildPhase section */

/* Begin PBXSourcesBuildPhase section */
		449800162A1CCAF600D36D54 /* Sources */ = {
			isa = PBXSourcesBuildPhase;
			buildActionMask = 2147483647;
			files = (
				4498004B2A1DB64400D36D54 /* GetGameTest.swift in Sources */,
				4498003E2A1D0BF900D36D54 /* MockGameDetailService.swift in Sources */,
				449800302A1CFAFE00D36D54 /* MockApiClient.swift in Sources */,
				449800512A1DBC7C00D36D54 /* GetFavoriteGamesTest.swift in Sources */,
				449800572A1DBFCE00D36D54 /* CheckFavoriteTest.swift in Sources */,
				449800552A1DBE4300D36D54 /* RemoveFavoriteGameTest.swift in Sources */,
				4498003A2A1D03AA00D36D54 /* MockGameDao.swift in Sources */,
				449800382A1D034B00D36D54 /* MockGameService.swift in Sources */,
				4498002E2A1CD5D100D36D54 /* DummyBuilder.swift in Sources */,
				449800422A1D0DC900D36D54 /* GameDetailRepositoryTest.swift in Sources */,
				449800402A1D0C5600D36D54 /* MockGameDetailDao.swift in Sources */,
				449800472A1D141F00D36D54 /* MockGameRepository.swift in Sources */,
				4498001D2A1CCAF600D36D54 /* GameFinderTests.swift in Sources */,
				449800492A1D14DE00D36D54 /* MockGameDetailRepository.swift in Sources */,
				4498003C2A1D05F100D36D54 /* GameRepositoryTest.swift in Sources */,
				449800532A1DBD6500D36D54 /* AddFavoriteGameTest.swift in Sources */,
				4498004D2A1DB7D100D36D54 /* SearchGamesTest.swift in Sources */,
				449800322A1CFBCE00D36D54 /* GameServiceTest.swift in Sources */,
				449800342A1CFFF200D36D54 /* GameDetailServiceTest.swift in Sources */,
				4498004F2A1DB9AD00D36D54 /* GetGameDetailTest.swift in Sources */,
			);
			runOnlyForDeploymentPostprocessing = 0;
		};
		44A8BE332A1B66E200BE536D /* Sources */ = {
			isa = PBXSourcesBuildPhase;
			buildActionMask = 2147483647;
			files = (
				44A8BE9C2A1BB9C000BE536D /* GameViewResult.swift in Sources */,
				44A8BEBC2A1C5F1B00BE536D /* GameDetailViewModel.swift in Sources */,
				44A8BE8B2A1BAE3400BE536D /* CachedNetworkImage.swift in Sources */,
				44A8BE632A1B946100BE536D /* ApiClient.swift in Sources */,
				44A8BEB32A1C5C6300BE536D /* FavoriteButton.swift in Sources */,
				44A8BE442A1B66E400BE536D /* Persistence.swift in Sources */,
				44A8BE522A1B8CCC00BE536D /* GamesResponse.swift in Sources */,
				44A8BEC02A1C68C600BE536D /* PlaytimeText.swift in Sources */,
				4498000B2A1CBA8B00D36D54 /* GameDetailService.swift in Sources */,
				44A8BE692A1B98C900BE536D /* Game.swift in Sources */,
				44A8BE952A1BB84F00BE536D /* ErrorView.swift in Sources */,
				449800072A1CAEC200D36D54 /* FavoriteViewModel.swift in Sources */,
				44A8BE932A1BB81E00BE536D /* LoadingView.swift in Sources */,
				44A8BE6B2A1B98F900BE536D /* GameDetail.swift in Sources */,
				4498FFF32A1C808300D36D54 /* GameExtensionMapper.swift in Sources */,
				44A8BE982A1BB95E00BE536D /* GameViewIntent.swift in Sources */,
				44A8BE652A1B953500BE536D /* GameService.swift in Sources */,
				44A8BE5C2A1B90A500BE536D /* GameDetailRequest.swift in Sources */,
				449800012A1CADF200D36D54 /* FavoriteViewIntent.swift in Sources */,
				44A8BE752A1B9EFD00BE536D /* GetGames.swift in Sources */,
				44A8BEA62A1BBCBD00BE536D /* GameViewModel.swift in Sources */,
				44A8BE8F2A1BB4BA00BE536D /* GameReleaseDate.swift in Sources */,
				44A8BEA42A1BBC0600BE536D /* GameViewState.swift in Sources */,
				44A8BE542A1B8D1000BE536D /* GameResponse.swift in Sources */,
				44A8BE5A2A1B8FF300BE536D /* GamesRequest.swift in Sources */,
				44A8BEC62A1C6BEE00BE536D /* DetailTitle.swift in Sources */,
				44A8BEB82A1C5E1300BE536D /* GameDetailResult.swift in Sources */,
				44A8BE792A1BA11000BE536D /* GetGameDetail.swift in Sources */,
				44A8BEAB2A1BCCB800BE536D /* SearchTextField.swift in Sources */,
				44A8BEC82A1C6C1E00BE536D /* DetailDescription.swift in Sources */,
				44A8BE8D2A1BB2B600BE536D /* GameRating.swift in Sources */,
				4498000F2A1CBB4200D36D54 /* GameDetailRepositoryImpl.swift in Sources */,
				44A8BE602A1B910400BE536D /* RequestConstant.swift in Sources */,
				44A8BE472A1B66E400BE536D /* GameFinder.xcdatamodeld in Sources */,
				44A8BE812A1BA9E400BE536D /* GameView.swift in Sources */,
				4498FFF52A1C831B00D36D54 /* GameDetailExtensionMapper.swift in Sources */,
				4498FFFD2A1C8B5A00D36D54 /* CheckFavorite.swift in Sources */,
				44A8BEBA2A1C5EAA00BE536D /* GameDetailViewState.swift in Sources */,
				449800032A1CAE1600D36D54 /* FavoriteViewResult.swift in Sources */,
				44A8BEBE2A1C610000BE536D /* DetailView.swift in Sources */,
				44A8BEAD2A1BCFA000BE536D /* EmptyView.swift in Sources */,
				44A8BEA22A1BBAB800BE536D /* EndOfPageView.swift in Sources */,
				44A8BE7E2A1BA1F400BE536D /* HomeView.swift in Sources */,
				44A8BEB02A1C5C1900BE536D /* GameDetailView.swift in Sources */,
				4498FFF72A1C8A0800D36D54 /* GetFavoriteGames.swift in Sources */,
				44A8BE3D2A1B66E200BE536D /* ContentView.swift in Sources */,
				44A8BE882A1BAD7000BE536D /* GameItemView.swift in Sources */,
				44A8BE852A1BAA3200BE536D /* FavoriteView.swift in Sources */,
				44A8BE6E2A1B99E200BE536D /* GameRepository.swift in Sources */,
				4498000D2A1CBAF100D36D54 /* GameDetailRepository.swift in Sources */,
				44A8BE562A1B8F7F00BE536D /* GameDetailResponse.swift in Sources */,
				44A8BE9E2A1BBA6500BE536D /* LoadMoreView.swift in Sources */,
				44A8BE772A1BA09C00BE536D /* SearchGames.swift in Sources */,
				44A8BE3B2A1B66E200BE536D /* GameFinderApp.swift in Sources */,
				4498FFF92A1C8A5F00D36D54 /* AddFavoriteGame.swift in Sources */,
				44A8BE722A1B9A8600BE536D /* GameRepositoryImpl.swift in Sources */,
				449800052A1CAE5400D36D54 /* FavoriteViewState.swift in Sources */,
				44A8BEB62A1C5DD100BE536D /* GameDetailIntent.swift in Sources */,
				44A8BEA92A1BBDCE00BE536D /* PublisherExtension.swift in Sources */,
				44A8BECC2A1C76D300BE536D /* GameDao.swift in Sources */,
				44A8BE912A1BB5F500BE536D /* ListGameView.swift in Sources */,
				4498FFFB2A1C8AAB00D36D54 /* RemoveFavoriteGame.swift in Sources */,
				449800092A1CB64700D36D54 /* GameDetailDao.swift in Sources */,
			);
			runOnlyForDeploymentPostprocessing = 0;
		};
/* End PBXSourcesBuildPhase section */

/* Begin PBXTargetDependency section */
		4498001F2A1CCAF600D36D54 /* PBXTargetDependency */ = {
			isa = PBXTargetDependency;
			target = 44A8BE362A1B66E200BE536D /* GameFinder */;
			targetProxy = 4498001E2A1CCAF600D36D54 /* PBXContainerItemProxy */;
		};
/* End PBXTargetDependency section */

/* Begin XCBuildConfiguration section */
		449800212A1CCAF600D36D54 /* Debug */ = {
			isa = XCBuildConfiguration;
			buildSettings = {
				BUNDLE_LOADER = "$(TEST_HOST)";
				CODE_SIGN_STYLE = Automatic;
				CURRENT_PROJECT_VERSION = 1;
				DEVELOPMENT_TEAM = GSJL8ACDV5;
				GENERATE_INFOPLIST_FILE = YES;
				MARKETING_VERSION = 1.0;
				PRODUCT_BUNDLE_IDENTIFIER = com.pras.GameFinderTests;
				PRODUCT_NAME = "$(TARGET_NAME)";
				SWIFT_EMIT_LOC_STRINGS = NO;
				SWIFT_VERSION = 5.0;
				TARGETED_DEVICE_FAMILY = "1,2";
				TEST_HOST = "$(BUILT_PRODUCTS_DIR)/GameFinder.app/$(BUNDLE_EXECUTABLE_FOLDER_PATH)/GameFinder";
			};
			name = Debug;
		};
		449800222A1CCAF600D36D54 /* Release */ = {
			isa = XCBuildConfiguration;
			buildSettings = {
				BUNDLE_LOADER = "$(TEST_HOST)";
				CODE_SIGN_STYLE = Automatic;
				CURRENT_PROJECT_VERSION = 1;
				DEVELOPMENT_TEAM = GSJL8ACDV5;
				GENERATE_INFOPLIST_FILE = YES;
				MARKETING_VERSION = 1.0;
				PRODUCT_BUNDLE_IDENTIFIER = com.pras.GameFinderTests;
				PRODUCT_NAME = "$(TARGET_NAME)";
				SWIFT_EMIT_LOC_STRINGS = NO;
				SWIFT_VERSION = 5.0;
				TARGETED_DEVICE_FAMILY = "1,2";
				TEST_HOST = "$(BUILT_PRODUCTS_DIR)/GameFinder.app/$(BUNDLE_EXECUTABLE_FOLDER_PATH)/GameFinder";
			};
			name = Release;
		};
		44A8BE482A1B66E400BE536D /* Debug */ = {
			isa = XCBuildConfiguration;
			buildSettings = {
				ALWAYS_SEARCH_USER_PATHS = NO;
				CLANG_ANALYZER_NONNULL = YES;
				CLANG_ANALYZER_NUMBER_OBJECT_CONVERSION = YES_AGGRESSIVE;
				CLANG_CXX_LANGUAGE_STANDARD = "gnu++20";
				CLANG_ENABLE_MODULES = YES;
				CLANG_ENABLE_OBJC_ARC = YES;
				CLANG_ENABLE_OBJC_WEAK = YES;
				CLANG_WARN_BLOCK_CAPTURE_AUTORELEASING = YES;
				CLANG_WARN_BOOL_CONVERSION = YES;
				CLANG_WARN_COMMA = YES;
				CLANG_WARN_CONSTANT_CONVERSION = YES;
				CLANG_WARN_DEPRECATED_OBJC_IMPLEMENTATIONS = YES;
				CLANG_WARN_DIRECT_OBJC_ISA_USAGE = YES_ERROR;
				CLANG_WARN_DOCUMENTATION_COMMENTS = YES;
				CLANG_WARN_EMPTY_BODY = YES;
				CLANG_WARN_ENUM_CONVERSION = YES;
				CLANG_WARN_INFINITE_RECURSION = YES;
				CLANG_WARN_INT_CONVERSION = YES;
				CLANG_WARN_NON_LITERAL_NULL_CONVERSION = YES;
				CLANG_WARN_OBJC_IMPLICIT_RETAIN_SELF = YES;
				CLANG_WARN_OBJC_LITERAL_CONVERSION = YES;
				CLANG_WARN_OBJC_ROOT_CLASS = YES_ERROR;
				CLANG_WARN_QUOTED_INCLUDE_IN_FRAMEWORK_HEADER = YES;
				CLANG_WARN_RANGE_LOOP_ANALYSIS = YES;
				CLANG_WARN_STRICT_PROTOTYPES = YES;
				CLANG_WARN_SUSPICIOUS_MOVE = YES;
				CLANG_WARN_UNGUARDED_AVAILABILITY = YES_AGGRESSIVE;
				CLANG_WARN_UNREACHABLE_CODE = YES;
				CLANG_WARN__DUPLICATE_METHOD_MATCH = YES;
				COPY_PHASE_STRIP = NO;
				DEBUG_INFORMATION_FORMAT = dwarf;
				ENABLE_STRICT_OBJC_MSGSEND = YES;
				ENABLE_TESTABILITY = YES;
				GCC_C_LANGUAGE_STANDARD = gnu11;
				GCC_DYNAMIC_NO_PIC = NO;
				GCC_NO_COMMON_BLOCKS = YES;
				GCC_OPTIMIZATION_LEVEL = 0;
				GCC_PREPROCESSOR_DEFINITIONS = (
					"DEBUG=1",
					"$(inherited)",
				);
				GCC_WARN_64_TO_32_BIT_CONVERSION = YES;
				GCC_WARN_ABOUT_RETURN_TYPE = YES_ERROR;
				GCC_WARN_UNDECLARED_SELECTOR = YES;
				GCC_WARN_UNINITIALIZED_AUTOS = YES_AGGRESSIVE;
				GCC_WARN_UNUSED_FUNCTION = YES;
				GCC_WARN_UNUSED_VARIABLE = YES;
				IPHONEOS_DEPLOYMENT_TARGET = 16.4;
				MTL_ENABLE_DEBUG_INFO = INCLUDE_SOURCE;
				MTL_FAST_MATH = YES;
				ONLY_ACTIVE_ARCH = YES;
				SDKROOT = iphoneos;
				SWIFT_ACTIVE_COMPILATION_CONDITIONS = DEBUG;
				SWIFT_OPTIMIZATION_LEVEL = "-Onone";
			};
			name = Debug;
		};
		44A8BE492A1B66E400BE536D /* Release */ = {
			isa = XCBuildConfiguration;
			buildSettings = {
				ALWAYS_SEARCH_USER_PATHS = NO;
				CLANG_ANALYZER_NONNULL = YES;
				CLANG_ANALYZER_NUMBER_OBJECT_CONVERSION = YES_AGGRESSIVE;
				CLANG_CXX_LANGUAGE_STANDARD = "gnu++20";
				CLANG_ENABLE_MODULES = YES;
				CLANG_ENABLE_OBJC_ARC = YES;
				CLANG_ENABLE_OBJC_WEAK = YES;
				CLANG_WARN_BLOCK_CAPTURE_AUTORELEASING = YES;
				CLANG_WARN_BOOL_CONVERSION = YES;
				CLANG_WARN_COMMA = YES;
				CLANG_WARN_CONSTANT_CONVERSION = YES;
				CLANG_WARN_DEPRECATED_OBJC_IMPLEMENTATIONS = YES;
				CLANG_WARN_DIRECT_OBJC_ISA_USAGE = YES_ERROR;
				CLANG_WARN_DOCUMENTATION_COMMENTS = YES;
				CLANG_WARN_EMPTY_BODY = YES;
				CLANG_WARN_ENUM_CONVERSION = YES;
				CLANG_WARN_INFINITE_RECURSION = YES;
				CLANG_WARN_INT_CONVERSION = YES;
				CLANG_WARN_NON_LITERAL_NULL_CONVERSION = YES;
				CLANG_WARN_OBJC_IMPLICIT_RETAIN_SELF = YES;
				CLANG_WARN_OBJC_LITERAL_CONVERSION = YES;
				CLANG_WARN_OBJC_ROOT_CLASS = YES_ERROR;
				CLANG_WARN_QUOTED_INCLUDE_IN_FRAMEWORK_HEADER = YES;
				CLANG_WARN_RANGE_LOOP_ANALYSIS = YES;
				CLANG_WARN_STRICT_PROTOTYPES = YES;
				CLANG_WARN_SUSPICIOUS_MOVE = YES;
				CLANG_WARN_UNGUARDED_AVAILABILITY = YES_AGGRESSIVE;
				CLANG_WARN_UNREACHABLE_CODE = YES;
				CLANG_WARN__DUPLICATE_METHOD_MATCH = YES;
				COPY_PHASE_STRIP = NO;
				DEBUG_INFORMATION_FORMAT = "dwarf-with-dsym";
				ENABLE_NS_ASSERTIONS = NO;
				ENABLE_STRICT_OBJC_MSGSEND = YES;
				GCC_C_LANGUAGE_STANDARD = gnu11;
				GCC_NO_COMMON_BLOCKS = YES;
				GCC_WARN_64_TO_32_BIT_CONVERSION = YES;
				GCC_WARN_ABOUT_RETURN_TYPE = YES_ERROR;
				GCC_WARN_UNDECLARED_SELECTOR = YES;
				GCC_WARN_UNINITIALIZED_AUTOS = YES_AGGRESSIVE;
				GCC_WARN_UNUSED_FUNCTION = YES;
				GCC_WARN_UNUSED_VARIABLE = YES;
				IPHONEOS_DEPLOYMENT_TARGET = 16.4;
				MTL_ENABLE_DEBUG_INFO = NO;
				MTL_FAST_MATH = YES;
				SDKROOT = iphoneos;
				SWIFT_COMPILATION_MODE = wholemodule;
				SWIFT_OPTIMIZATION_LEVEL = "-O";
				VALIDATE_PRODUCT = YES;
			};
			name = Release;
		};
		44A8BE4B2A1B66E400BE536D /* Debug */ = {
			isa = XCBuildConfiguration;
			buildSettings = {
				ASSETCATALOG_COMPILER_APPICON_NAME = AppIcon;
				ASSETCATALOG_COMPILER_GLOBAL_ACCENT_COLOR_NAME = AccentColor;
				CODE_SIGN_STYLE = Automatic;
				CURRENT_PROJECT_VERSION = 1;
				DEVELOPMENT_ASSET_PATHS = "\"GameFinder/Preview Content\"";
				DEVELOPMENT_TEAM = GSJL8ACDV5;
				ENABLE_PREVIEWS = YES;
				GENERATE_INFOPLIST_FILE = YES;
				INFOPLIST_KEY_UIApplicationSceneManifest_Generation = YES;
				INFOPLIST_KEY_UIApplicationSupportsIndirectInputEvents = YES;
				INFOPLIST_KEY_UILaunchScreen_Generation = YES;
				INFOPLIST_KEY_UISupportedInterfaceOrientations_iPad = "UIInterfaceOrientationPortrait UIInterfaceOrientationPortraitUpsideDown UIInterfaceOrientationLandscapeLeft UIInterfaceOrientationLandscapeRight";
				INFOPLIST_KEY_UISupportedInterfaceOrientations_iPhone = "UIInterfaceOrientationPortrait UIInterfaceOrientationLandscapeLeft UIInterfaceOrientationLandscapeRight";
				LD_RUNPATH_SEARCH_PATHS = (
					"$(inherited)",
					"@executable_path/Frameworks",
				);
				MARKETING_VERSION = 1.0;
				PRODUCT_BUNDLE_IDENTIFIER = com.pras.GameFinder;
				PRODUCT_NAME = "$(TARGET_NAME)";
				SWIFT_EMIT_LOC_STRINGS = YES;
				SWIFT_VERSION = 5.0;
				TARGETED_DEVICE_FAMILY = "1,2";
			};
			name = Debug;
		};
		44A8BE4C2A1B66E400BE536D /* Release */ = {
			isa = XCBuildConfiguration;
			buildSettings = {
				ASSETCATALOG_COMPILER_APPICON_NAME = AppIcon;
				ASSETCATALOG_COMPILER_GLOBAL_ACCENT_COLOR_NAME = AccentColor;
				CODE_SIGN_STYLE = Automatic;
				CURRENT_PROJECT_VERSION = 1;
				DEVELOPMENT_ASSET_PATHS = "\"GameFinder/Preview Content\"";
				DEVELOPMENT_TEAM = GSJL8ACDV5;
				ENABLE_PREVIEWS = YES;
				GENERATE_INFOPLIST_FILE = YES;
				INFOPLIST_KEY_UIApplicationSceneManifest_Generation = YES;
				INFOPLIST_KEY_UIApplicationSupportsIndirectInputEvents = YES;
				INFOPLIST_KEY_UILaunchScreen_Generation = YES;
				INFOPLIST_KEY_UISupportedInterfaceOrientations_iPad = "UIInterfaceOrientationPortrait UIInterfaceOrientationPortraitUpsideDown UIInterfaceOrientationLandscapeLeft UIInterfaceOrientationLandscapeRight";
				INFOPLIST_KEY_UISupportedInterfaceOrientations_iPhone = "UIInterfaceOrientationPortrait UIInterfaceOrientationLandscapeLeft UIInterfaceOrientationLandscapeRight";
				LD_RUNPATH_SEARCH_PATHS = (
					"$(inherited)",
					"@executable_path/Frameworks",
				);
				MARKETING_VERSION = 1.0;
				PRODUCT_BUNDLE_IDENTIFIER = com.pras.GameFinder;
				PRODUCT_NAME = "$(TARGET_NAME)";
				SWIFT_EMIT_LOC_STRINGS = YES;
				SWIFT_VERSION = 5.0;
				TARGETED_DEVICE_FAMILY = "1,2";
			};
			name = Release;
		};
/* End XCBuildConfiguration section */

/* Begin XCConfigurationList section */
		449800202A1CCAF600D36D54 /* Build configuration list for PBXNativeTarget "GameFinderTests" */ = {
			isa = XCConfigurationList;
			buildConfigurations = (
				449800212A1CCAF600D36D54 /* Debug */,
				449800222A1CCAF600D36D54 /* Release */,
			);
			defaultConfigurationIsVisible = 0;
			defaultConfigurationName = Release;
		};
		44A8BE322A1B66E200BE536D /* Build configuration list for PBXProject "GameFinder" */ = {
			isa = XCConfigurationList;
			buildConfigurations = (
				44A8BE482A1B66E400BE536D /* Debug */,
				44A8BE492A1B66E400BE536D /* Release */,
			);
			defaultConfigurationIsVisible = 0;
			defaultConfigurationName = Release;
		};
		44A8BE4A2A1B66E400BE536D /* Build configuration list for PBXNativeTarget "GameFinder" */ = {
			isa = XCConfigurationList;
			buildConfigurations = (
				44A8BE4B2A1B66E400BE536D /* Debug */,
				44A8BE4C2A1B66E400BE536D /* Release */,
			);
			defaultConfigurationIsVisible = 0;
			defaultConfigurationName = Release;
		};
/* End XCConfigurationList section */

/* Begin XCVersionGroup section */
		44A8BE452A1B66E400BE536D /* GameFinder.xcdatamodeld */ = {
			isa = XCVersionGroup;
			children = (
				44A8BE462A1B66E400BE536D /* GameFinder.xcdatamodel */,
			);
			currentVersion = 44A8BE462A1B66E400BE536D /* GameFinder.xcdatamodel */;
			path = GameFinder.xcdatamodeld;
			sourceTree = "<group>";
			versionGroupType = wrapper.xcdatamodel;
		};
/* End XCVersionGroup section */
	};
	rootObject = 44A8BE2F2A1B66E200BE536D /* Project object */;
}
