// !$*UTF8*$!
{
	archiveVersion = 1;
	classes = {
	};
	objectVersion = 56;
	objects = {

/* Begin PBXBuildFile section */
		44A8BE3B2A1B66E200BE536D /* GameFinderApp.swift in Sources */ = {isa = PBXBuildFile; fileRef = 44A8BE3A2A1B66E200BE536D /* GameFinderApp.swift */; };
		44A8BE3D2A1B66E200BE536D /* ContentView.swift in Sources */ = {isa = PBXBuildFile; fileRef = 44A8BE3C2A1B66E200BE536D /* ContentView.swift */; };
		44A8BE3F2A1B66E400BE536D /* Assets.xcassets in Resources */ = {isa = PBXBuildFile; fileRef = 44A8BE3E2A1B66E400BE536D /* Assets.xcassets */; };
		44A8BE422A1B66E400BE536D /* Preview Assets.xcassets in Resources */ = {isa = PBXBuildFile; fileRef = 44A8BE412A1B66E400BE536D /* Preview Assets.xcassets */; };
		44A8BE442A1B66E400BE536D /* Persistence.swift in Sources */ = {isa = PBXBuildFile; fileRef = 44A8BE432A1B66E400BE536D /* Persistence.swift */; };
		44A8BE472A1B66E400BE536D /* GameFinder.xcdatamodeld in Sources */ = {isa = PBXBuildFile; fileRef = 44A8BE452A1B66E400BE536D /* GameFinder.xcdatamodeld */; };
		44A8BE522A1B8CCC00BE536D /* GamesResponse.swift in Sources */ = {isa = PBXBuildFile; fileRef = 44A8BE512A1B8CCC00BE536D /* GamesResponse.swift */; };
		44A8BE542A1B8D1000BE536D /* GameResponse.swift in Sources */ = {isa = PBXBuildFile; fileRef = 44A8BE532A1B8D1000BE536D /* GameResponse.swift */; };
		44A8BE562A1B8F7F00BE536D /* GameDetailResponse.swift in Sources */ = {isa = PBXBuildFile; fileRef = 44A8BE552A1B8F7F00BE536D /* GameDetailResponse.swift */; };
		44A8BE5A2A1B8FF300BE536D /* GamesRequest.swift in Sources */ = {isa = PBXBuildFile; fileRef = 44A8BE592A1B8FF300BE536D /* GamesRequest.swift */; };
		44A8BE5C2A1B90A500BE536D /* GameDetailRequest.swift in Sources */ = {isa = PBXBuildFile; fileRef = 44A8BE5B2A1B90A500BE536D /* GameDetailRequest.swift */; };
		44A8BE602A1B910400BE536D /* RequestConstant.swift in Sources */ = {isa = PBXBuildFile; fileRef = 44A8BE5F2A1B910400BE536D /* RequestConstant.swift */; };
		44A8BE632A1B946100BE536D /* ApiClient.swift in Sources */ = {isa = PBXBuildFile; fileRef = 44A8BE622A1B946100BE536D /* ApiClient.swift */; };
		44A8BE652A1B953500BE536D /* GameService.swift in Sources */ = {isa = PBXBuildFile; fileRef = 44A8BE642A1B953500BE536D /* GameService.swift */; };
		44A8BE692A1B98C900BE536D /* Game.swift in Sources */ = {isa = PBXBuildFile; fileRef = 44A8BE682A1B98C900BE536D /* Game.swift */; };
		44A8BE6B2A1B98F900BE536D /* GameDetail.swift in Sources */ = {isa = PBXBuildFile; fileRef = 44A8BE6A2A1B98F900BE536D /* GameDetail.swift */; };
		44A8BE6E2A1B99E200BE536D /* GameRepository.swift in Sources */ = {isa = PBXBuildFile; fileRef = 44A8BE6D2A1B99E200BE536D /* GameRepository.swift */; };
		44A8BE722A1B9A8600BE536D /* GameRepositoryImpl.swift in Sources */ = {isa = PBXBuildFile; fileRef = 44A8BE712A1B9A8600BE536D /* GameRepositoryImpl.swift */; };
		44A8BE752A1B9EFD00BE536D /* GetGames.swift in Sources */ = {isa = PBXBuildFile; fileRef = 44A8BE742A1B9EFD00BE536D /* GetGames.swift */; };
		44A8BE772A1BA09C00BE536D /* SearchGames.swift in Sources */ = {isa = PBXBuildFile; fileRef = 44A8BE762A1BA09C00BE536D /* SearchGames.swift */; };
		44A8BE792A1BA11000BE536D /* GetGameDetail.swift in Sources */ = {isa = PBXBuildFile; fileRef = 44A8BE782A1BA11000BE536D /* GetGameDetail.swift */; };
		44A8BE7E2A1BA1F400BE536D /* HomeView.swift in Sources */ = {isa = PBXBuildFile; fileRef = 44A8BE7D2A1BA1F400BE536D /* HomeView.swift */; };
		44A8BE812A1BA9E400BE536D /* GameView.swift in Sources */ = {isa = PBXBuildFile; fileRef = 44A8BE802A1BA9E400BE536D /* GameView.swift */; };
		44A8BE852A1BAA3200BE536D /* FavoriteView.swift in Sources */ = {isa = PBXBuildFile; fileRef = 44A8BE842A1BAA3200BE536D /* FavoriteView.swift */; };
		44A8BE882A1BAD7000BE536D /* GameItemView.swift in Sources */ = {isa = PBXBuildFile; fileRef = 44A8BE872A1BAD7000BE536D /* GameItemView.swift */; };
		44A8BE8B2A1BAE3400BE536D /* CachedNetworkImage.swift in Sources */ = {isa = PBXBuildFile; fileRef = 44A8BE8A2A1BAE3400BE536D /* CachedNetworkImage.swift */; };
		44A8BE8D2A1BB2B600BE536D /* GameRating.swift in Sources */ = {isa = PBXBuildFile; fileRef = 44A8BE8C2A1BB2B600BE536D /* GameRating.swift */; };
		44A8BE8F2A1BB4BA00BE536D /* GameReleaseDate.swift in Sources */ = {isa = PBXBuildFile; fileRef = 44A8BE8E2A1BB4BA00BE536D /* GameReleaseDate.swift */; };
		44A8BE912A1BB5F500BE536D /* ListGameView.swift in Sources */ = {isa = PBXBuildFile; fileRef = 44A8BE902A1BB5F400BE536D /* ListGameView.swift */; };
		44A8BE932A1BB81E00BE536D /* LoadingView.swift in Sources */ = {isa = PBXBuildFile; fileRef = 44A8BE922A1BB81E00BE536D /* LoadingView.swift */; };
		44A8BE952A1BB84F00BE536D /* ErrorView.swift in Sources */ = {isa = PBXBuildFile; fileRef = 44A8BE942A1BB84F00BE536D /* ErrorView.swift */; };
		44A8BE982A1BB95E00BE536D /* GameViewIntent.swift in Sources */ = {isa = PBXBuildFile; fileRef = 44A8BE972A1BB95E00BE536D /* GameViewIntent.swift */; };
/* End PBXBuildFile section */

/* Begin PBXFileReference section */
		44A8BE372A1B66E200BE536D /* GameFinder.app */ = {isa = PBXFileReference; explicitFileType = wrapper.application; includeInIndex = 0; path = GameFinder.app; sourceTree = BUILT_PRODUCTS_DIR; };
		44A8BE3A2A1B66E200BE536D /* GameFinderApp.swift */ = {isa = PBXFileReference; lastKnownFileType = sourcecode.swift; path = GameFinderApp.swift; sourceTree = "<group>"; };
		44A8BE3C2A1B66E200BE536D /* ContentView.swift */ = {isa = PBXFileReference; lastKnownFileType = sourcecode.swift; path = ContentView.swift; sourceTree = "<group>"; };
		44A8BE3E2A1B66E400BE536D /* Assets.xcassets */ = {isa = PBXFileReference; lastKnownFileType = folder.assetcatalog; path = Assets.xcassets; sourceTree = "<group>"; };
		44A8BE412A1B66E400BE536D /* Preview Assets.xcassets */ = {isa = PBXFileReference; lastKnownFileType = folder.assetcatalog; path = "Preview Assets.xcassets"; sourceTree = "<group>"; };
		44A8BE432A1B66E400BE536D /* Persistence.swift */ = {isa = PBXFileReference; lastKnownFileType = sourcecode.swift; path = Persistence.swift; sourceTree = "<group>"; };
		44A8BE462A1B66E400BE536D /* GameFinder.xcdatamodel */ = {isa = PBXFileReference; lastKnownFileType = wrapper.xcdatamodel; path = GameFinder.xcdatamodel; sourceTree = "<group>"; };
		44A8BE512A1B8CCC00BE536D /* GamesResponse.swift */ = {isa = PBXFileReference; lastKnownFileType = sourcecode.swift; path = GamesResponse.swift; sourceTree = "<group>"; };
		44A8BE532A1B8D1000BE536D /* GameResponse.swift */ = {isa = PBXFileReference; lastKnownFileType = sourcecode.swift; path = GameResponse.swift; sourceTree = "<group>"; };
		44A8BE552A1B8F7F00BE536D /* GameDetailResponse.swift */ = {isa = PBXFileReference; lastKnownFileType = sourcecode.swift; path = GameDetailResponse.swift; sourceTree = "<group>"; };
		44A8BE592A1B8FF300BE536D /* GamesRequest.swift */ = {isa = PBXFileReference; lastKnownFileType = sourcecode.swift; path = GamesRequest.swift; sourceTree = "<group>"; };
		44A8BE5B2A1B90A500BE536D /* GameDetailRequest.swift */ = {isa = PBXFileReference; lastKnownFileType = sourcecode.swift; path = GameDetailRequest.swift; sourceTree = "<group>"; };
		44A8BE5F2A1B910400BE536D /* RequestConstant.swift */ = {isa = PBXFileReference; lastKnownFileType = sourcecode.swift; path = RequestConstant.swift; sourceTree = "<group>"; };
		44A8BE622A1B946100BE536D /* ApiClient.swift */ = {isa = PBXFileReference; lastKnownFileType = sourcecode.swift; path = ApiClient.swift; sourceTree = "<group>"; };
		44A8BE642A1B953500BE536D /* GameService.swift */ = {isa = PBXFileReference; lastKnownFileType = sourcecode.swift; path = GameService.swift; sourceTree = "<group>"; };
		44A8BE682A1B98C900BE536D /* Game.swift */ = {isa = PBXFileReference; lastKnownFileType = sourcecode.swift; path = Game.swift; sourceTree = "<group>"; };
		44A8BE6A2A1B98F900BE536D /* GameDetail.swift */ = {isa = PBXFileReference; lastKnownFileType = sourcecode.swift; path = GameDetail.swift; sourceTree = "<group>"; };
		44A8BE6D2A1B99E200BE536D /* GameRepository.swift */ = {isa = PBXFileReference; lastKnownFileType = sourcecode.swift; path = GameRepository.swift; sourceTree = "<group>"; };
		44A8BE712A1B9A8600BE536D /* GameRepositoryImpl.swift */ = {isa = PBXFileReference; lastKnownFileType = sourcecode.swift; path = GameRepositoryImpl.swift; sourceTree = "<group>"; };
		44A8BE742A1B9EFD00BE536D /* GetGames.swift */ = {isa = PBXFileReference; lastKnownFileType = sourcecode.swift; path = GetGames.swift; sourceTree = "<group>"; };
		44A8BE762A1BA09C00BE536D /* SearchGames.swift */ = {isa = PBXFileReference; lastKnownFileType = sourcecode.swift; path = SearchGames.swift; sourceTree = "<group>"; };
		44A8BE782A1BA11000BE536D /* GetGameDetail.swift */ = {isa = PBXFileReference; lastKnownFileType = sourcecode.swift; path = GetGameDetail.swift; sourceTree = "<group>"; };
		44A8BE7D2A1BA1F400BE536D /* HomeView.swift */ = {isa = PBXFileReference; lastKnownFileType = sourcecode.swift; path = HomeView.swift; sourceTree = "<group>"; };
		44A8BE802A1BA9E400BE536D /* GameView.swift */ = {isa = PBXFileReference; lastKnownFileType = sourcecode.swift; path = GameView.swift; sourceTree = "<group>"; };
		44A8BE842A1BAA3200BE536D /* FavoriteView.swift */ = {isa = PBXFileReference; lastKnownFileType = sourcecode.swift; path = FavoriteView.swift; sourceTree = "<group>"; };
		44A8BE872A1BAD7000BE536D /* GameItemView.swift */ = {isa = PBXFileReference; lastKnownFileType = sourcecode.swift; path = GameItemView.swift; sourceTree = "<group>"; };
		44A8BE8A2A1BAE3400BE536D /* CachedNetworkImage.swift */ = {isa = PBXFileReference; lastKnownFileType = sourcecode.swift; path = CachedNetworkImage.swift; sourceTree = "<group>"; };
		44A8BE8C2A1BB2B600BE536D /* GameRating.swift */ = {isa = PBXFileReference; lastKnownFileType = sourcecode.swift; path = GameRating.swift; sourceTree = "<group>"; };
		44A8BE8E2A1BB4BA00BE536D /* GameReleaseDate.swift */ = {isa = PBXFileReference; lastKnownFileType = sourcecode.swift; path = GameReleaseDate.swift; sourceTree = "<group>"; };
		44A8BE902A1BB5F400BE536D /* ListGameView.swift */ = {isa = PBXFileReference; lastKnownFileType = sourcecode.swift; path = ListGameView.swift; sourceTree = "<group>"; };
		44A8BE922A1BB81E00BE536D /* LoadingView.swift */ = {isa = PBXFileReference; lastKnownFileType = sourcecode.swift; path = LoadingView.swift; sourceTree = "<group>"; };
		44A8BE942A1BB84F00BE536D /* ErrorView.swift */ = {isa = PBXFileReference; lastKnownFileType = sourcecode.swift; path = ErrorView.swift; sourceTree = "<group>"; };
		44A8BE972A1BB95E00BE536D /* GameViewIntent.swift */ = {isa = PBXFileReference; lastKnownFileType = sourcecode.swift; path = GameViewIntent.swift; sourceTree = "<group>"; };
/* End PBXFileReference section */

/* Begin PBXFrameworksBuildPhase section */
		44A8BE342A1B66E200BE536D /* Frameworks */ = {
			isa = PBXFrameworksBuildPhase;
			buildActionMask = 2147483647;
			files = (
			);
			runOnlyForDeploymentPostprocessing = 0;
		};
/* End PBXFrameworksBuildPhase section */

/* Begin PBXGroup section */
		44A8BE2E2A1B66E200BE536D = {
			isa = PBXGroup;
			children = (
				44A8BE392A1B66E200BE536D /* GameFinder */,
				44A8BE382A1B66E200BE536D /* Products */,
			);
			sourceTree = "<group>";
		};
		44A8BE382A1B66E200BE536D /* Products */ = {
			isa = PBXGroup;
			children = (
				44A8BE372A1B66E200BE536D /* GameFinder.app */,
			);
			name = Products;
			sourceTree = "<group>";
		};
		44A8BE392A1B66E200BE536D /* GameFinder */ = {
			isa = PBXGroup;
			children = (
				44A8BE7A2A1BA1C400BE536D /* Presenter */,
				44A8BE662A1B98B400BE536D /* Domain */,
				44A8BE4D2A1B8C1900BE536D /* Data */,
				44A8BE3A2A1B66E200BE536D /* GameFinderApp.swift */,
				44A8BE3C2A1B66E200BE536D /* ContentView.swift */,
				44A8BE3E2A1B66E400BE536D /* Assets.xcassets */,
				44A8BE432A1B66E400BE536D /* Persistence.swift */,
				44A8BE452A1B66E400BE536D /* GameFinder.xcdatamodeld */,
				44A8BE402A1B66E400BE536D /* Preview Content */,
			);
			path = GameFinder;
			sourceTree = "<group>";
		};
		44A8BE402A1B66E400BE536D /* Preview Content */ = {
			isa = PBXGroup;
			children = (
				44A8BE412A1B66E400BE536D /* Preview Assets.xcassets */,
			);
			path = "Preview Content";
			sourceTree = "<group>";
		};
		44A8BE4D2A1B8C1900BE536D /* Data */ = {
			isa = PBXGroup;
			children = (
				44A8BE702A1B9A7900BE536D /* Repository */,
				44A8BE4E2A1B8C2100BE536D /* Source */,
			);
			path = Data;
			sourceTree = "<group>";
		};
		44A8BE4E2A1B8C2100BE536D /* Source */ = {
			isa = PBXGroup;
			children = (
				44A8BE4F2A1B8C2A00BE536D /* Network */,
			);
			path = Source;
			sourceTree = "<group>";
		};
		44A8BE4F2A1B8C2A00BE536D /* Network */ = {
			isa = PBXGroup;
			children = (
				44A8BE572A1B8F8900BE536D /* Model */,
				44A8BE622A1B946100BE536D /* ApiClient.swift */,
				44A8BE642A1B953500BE536D /* GameService.swift */,
			);
			path = Network;
			sourceTree = "<group>";
		};
		44A8BE502A1B8C5E00BE536D /* Response */ = {
			isa = PBXGroup;
			children = (
				44A8BE512A1B8CCC00BE536D /* GamesResponse.swift */,
				44A8BE532A1B8D1000BE536D /* GameResponse.swift */,
				44A8BE552A1B8F7F00BE536D /* GameDetailResponse.swift */,
			);
			path = Response;
			sourceTree = "<group>";
		};
		44A8BE572A1B8F8900BE536D /* Model */ = {
			isa = PBXGroup;
			children = (
				44A8BE582A1B8FDE00BE536D /* Request */,
				44A8BE502A1B8C5E00BE536D /* Response */,
			);
			path = Model;
			sourceTree = "<group>";
		};
		44A8BE582A1B8FDE00BE536D /* Request */ = {
			isa = PBXGroup;
			children = (
				44A8BE592A1B8FF300BE536D /* GamesRequest.swift */,
				44A8BE5B2A1B90A500BE536D /* GameDetailRequest.swift */,
				44A8BE5F2A1B910400BE536D /* RequestConstant.swift */,
			);
			path = Request;
			sourceTree = "<group>";
		};
		44A8BE662A1B98B400BE536D /* Domain */ = {
			isa = PBXGroup;
			children = (
				44A8BE732A1B9ED400BE536D /* UseCases */,
				44A8BE6C2A1B99D400BE536D /* Repository */,
				44A8BE672A1B98BB00BE536D /* Entities */,
			);
			path = Domain;
			sourceTree = "<group>";
		};
		44A8BE672A1B98BB00BE536D /* Entities */ = {
			isa = PBXGroup;
			children = (
				44A8BE682A1B98C900BE536D /* Game.swift */,
				44A8BE6A2A1B98F900BE536D /* GameDetail.swift */,
			);
			path = Entities;
			sourceTree = "<group>";
		};
		44A8BE6C2A1B99D400BE536D /* Repository */ = {
			isa = PBXGroup;
			children = (
				44A8BE6D2A1B99E200BE536D /* GameRepository.swift */,
			);
			path = Repository;
			sourceTree = "<group>";
		};
		44A8BE702A1B9A7900BE536D /* Repository */ = {
			isa = PBXGroup;
			children = (
				44A8BE712A1B9A8600BE536D /* GameRepositoryImpl.swift */,
			);
			path = Repository;
			sourceTree = "<group>";
		};
		44A8BE732A1B9ED400BE536D /* UseCases */ = {
			isa = PBXGroup;
			children = (
				44A8BE742A1B9EFD00BE536D /* GetGames.swift */,
				44A8BE762A1BA09C00BE536D /* SearchGames.swift */,
				44A8BE782A1BA11000BE536D /* GetGameDetail.swift */,
			);
			path = UseCases;
			sourceTree = "<group>";
		};
		44A8BE7A2A1BA1C400BE536D /* Presenter */ = {
			isa = PBXGroup;
			children = (
				44A8BE7B2A1BA1CF00BE536D /* Views */,
			);
			path = Presenter;
			sourceTree = "<group>";
		};
		44A8BE7B2A1BA1CF00BE536D /* Views */ = {
			isa = PBXGroup;
			children = (
				44A8BE892A1BAE2700BE536D /* Components */,
				44A8BE832A1BAA2700BE536D /* Favorite */,
				44A8BE7F2A1BA9D200BE536D /* Game */,
				44A8BE7C2A1BA1E400BE536D /* Home */,
			);
			path = Views;
			sourceTree = "<group>";
		};
		44A8BE7C2A1BA1E400BE536D /* Home */ = {
			isa = PBXGroup;
			children = (
				44A8BE7D2A1BA1F400BE536D /* HomeView.swift */,
			);
			path = Home;
			sourceTree = "<group>";
		};
		44A8BE7F2A1BA9D200BE536D /* Game */ = {
			isa = PBXGroup;
			children = (
				44A8BE962A1BB94700BE536D /* ViewModel */,
				44A8BE862A1BAD6100BE536D /* Components */,
				44A8BE802A1BA9E400BE536D /* GameView.swift */,
			);
			path = Game;
			sourceTree = "<group>";
		};
		44A8BE832A1BAA2700BE536D /* Favorite */ = {
			isa = PBXGroup;
			children = (
				44A8BE842A1BAA3200BE536D /* FavoriteView.swift */,
			);
			path = Favorite;
			sourceTree = "<group>";
		};
		44A8BE862A1BAD6100BE536D /* Components */ = {
			isa = PBXGroup;
			children = (
				44A8BE872A1BAD7000BE536D /* GameItemView.swift */,
				44A8BE8C2A1BB2B600BE536D /* GameRating.swift */,
				44A8BE8E2A1BB4BA00BE536D /* GameReleaseDate.swift */,
				44A8BE902A1BB5F400BE536D /* ListGameView.swift */,
				44A8BE922A1BB81E00BE536D /* LoadingView.swift */,
				44A8BE942A1BB84F00BE536D /* ErrorView.swift */,
			);
			path = Components;
			sourceTree = "<group>";
		};
		44A8BE892A1BAE2700BE536D /* Components */ = {
			isa = PBXGroup;
			children = (
				44A8BE8A2A1BAE3400BE536D /* CachedNetworkImage.swift */,
			);
			path = Components;
			sourceTree = "<group>";
		};
		44A8BE962A1BB94700BE536D /* ViewModel */ = {
			isa = PBXGroup;
			children = (
				44A8BE972A1BB95E00BE536D /* GameViewIntent.swift */,
			);
			path = ViewModel;
			sourceTree = "<group>";
		};
/* End PBXGroup section */

/* Begin PBXNativeTarget section */
		44A8BE362A1B66E200BE536D /* GameFinder */ = {
			isa = PBXNativeTarget;
			buildConfigurationList = 44A8BE4A2A1B66E400BE536D /* Build configuration list for PBXNativeTarget "GameFinder" */;
			buildPhases = (
				44A8BE332A1B66E200BE536D /* Sources */,
				44A8BE342A1B66E200BE536D /* Frameworks */,
				44A8BE352A1B66E200BE536D /* Resources */,
			);
			buildRules = (
			);
			dependencies = (
			);
			name = GameFinder;
			productName = GameFinder;
			productReference = 44A8BE372A1B66E200BE536D /* GameFinder.app */;
			productType = "com.apple.product-type.application";
		};
/* End PBXNativeTarget section */

/* Begin PBXProject section */
		44A8BE2F2A1B66E200BE536D /* Project object */ = {
			isa = PBXProject;
			attributes = {
				BuildIndependentTargetsInParallel = 1;
				LastSwiftUpdateCheck = 1430;
				LastUpgradeCheck = 1430;
				TargetAttributes = {
					44A8BE362A1B66E200BE536D = {
						CreatedOnToolsVersion = 14.3;
					};
				};
			};
			buildConfigurationList = 44A8BE322A1B66E200BE536D /* Build configuration list for PBXProject "GameFinder" */;
			compatibilityVersion = "Xcode 14.0";
			developmentRegion = en;
			hasScannedForEncodings = 0;
			knownRegions = (
				en,
				Base,
			);
			mainGroup = 44A8BE2E2A1B66E200BE536D;
			productRefGroup = 44A8BE382A1B66E200BE536D /* Products */;
			projectDirPath = "";
			projectRoot = "";
			targets = (
				44A8BE362A1B66E200BE536D /* GameFinder */,
			);
		};
/* End PBXProject section */

/* Begin PBXResourcesBuildPhase section */
		44A8BE352A1B66E200BE536D /* Resources */ = {
			isa = PBXResourcesBuildPhase;
			buildActionMask = 2147483647;
			files = (
				44A8BE422A1B66E400BE536D /* Preview Assets.xcassets in Resources */,
				44A8BE3F2A1B66E400BE536D /* Assets.xcassets in Resources */,
			);
			runOnlyForDeploymentPostprocessing = 0;
		};
/* End PBXResourcesBuildPhase section */

/* Begin PBXSourcesBuildPhase section */
		44A8BE332A1B66E200BE536D /* Sources */ = {
			isa = PBXSourcesBuildPhase;
			buildActionMask = 2147483647;
			files = (
				44A8BE8B2A1BAE3400BE536D /* CachedNetworkImage.swift in Sources */,
				44A8BE632A1B946100BE536D /* ApiClient.swift in Sources */,
				44A8BE442A1B66E400BE536D /* Persistence.swift in Sources */,
				44A8BE522A1B8CCC00BE536D /* GamesResponse.swift in Sources */,
				44A8BE692A1B98C900BE536D /* Game.swift in Sources */,
				44A8BE952A1BB84F00BE536D /* ErrorView.swift in Sources */,
				44A8BE932A1BB81E00BE536D /* LoadingView.swift in Sources */,
				44A8BE6B2A1B98F900BE536D /* GameDetail.swift in Sources */,
				44A8BE982A1BB95E00BE536D /* GameViewIntent.swift in Sources */,
				44A8BE652A1B953500BE536D /* GameService.swift in Sources */,
				44A8BE5C2A1B90A500BE536D /* GameDetailRequest.swift in Sources */,
				44A8BE752A1B9EFD00BE536D /* GetGames.swift in Sources */,
				44A8BE8F2A1BB4BA00BE536D /* GameReleaseDate.swift in Sources */,
				44A8BE542A1B8D1000BE536D /* GameResponse.swift in Sources */,
				44A8BE5A2A1B8FF300BE536D /* GamesRequest.swift in Sources */,
				44A8BE792A1BA11000BE536D /* GetGameDetail.swift in Sources */,
				44A8BE8D2A1BB2B600BE536D /* GameRating.swift in Sources */,
				44A8BE602A1B910400BE536D /* RequestConstant.swift in Sources */,
				44A8BE472A1B66E400BE536D /* GameFinder.xcdatamodeld in Sources */,
				44A8BE812A1BA9E400BE536D /* GameView.swift in Sources */,
				44A8BE7E2A1BA1F400BE536D /* HomeView.swift in Sources */,
				44A8BE3D2A1B66E200BE536D /* ContentView.swift in Sources */,
				44A8BE882A1BAD7000BE536D /* GameItemView.swift in Sources */,
				44A8BE852A1BAA3200BE536D /* FavoriteView.swift in Sources */,
				44A8BE6E2A1B99E200BE536D /* GameRepository.swift in Sources */,
				44A8BE562A1B8F7F00BE536D /* GameDetailResponse.swift in Sources */,
				44A8BE772A1BA09C00BE536D /* SearchGames.swift in Sources */,
				44A8BE3B2A1B66E200BE536D /* GameFinderApp.swift in Sources */,
				44A8BE722A1B9A8600BE536D /* GameRepositoryImpl.swift in Sources */,
				44A8BE912A1BB5F500BE536D /* ListGameView.swift in Sources */,
			);
			runOnlyForDeploymentPostprocessing = 0;
		};
/* End PBXSourcesBuildPhase section */

/* Begin XCBuildConfiguration section */
		44A8BE482A1B66E400BE536D /* Debug */ = {
			isa = XCBuildConfiguration;
			buildSettings = {
				ALWAYS_SEARCH_USER_PATHS = NO;
				CLANG_ANALYZER_NONNULL = YES;
				CLANG_ANALYZER_NUMBER_OBJECT_CONVERSION = YES_AGGRESSIVE;
				CLANG_CXX_LANGUAGE_STANDARD = "gnu++20";
				CLANG_ENABLE_MODULES = YES;
				CLANG_ENABLE_OBJC_ARC = YES;
				CLANG_ENABLE_OBJC_WEAK = YES;
				CLANG_WARN_BLOCK_CAPTURE_AUTORELEASING = YES;
				CLANG_WARN_BOOL_CONVERSION = YES;
				CLANG_WARN_COMMA = YES;
				CLANG_WARN_CONSTANT_CONVERSION = YES;
				CLANG_WARN_DEPRECATED_OBJC_IMPLEMENTATIONS = YES;
				CLANG_WARN_DIRECT_OBJC_ISA_USAGE = YES_ERROR;
				CLANG_WARN_DOCUMENTATION_COMMENTS = YES;
				CLANG_WARN_EMPTY_BODY = YES;
				CLANG_WARN_ENUM_CONVERSION = YES;
				CLANG_WARN_INFINITE_RECURSION = YES;
				CLANG_WARN_INT_CONVERSION = YES;
				CLANG_WARN_NON_LITERAL_NULL_CONVERSION = YES;
				CLANG_WARN_OBJC_IMPLICIT_RETAIN_SELF = YES;
				CLANG_WARN_OBJC_LITERAL_CONVERSION = YES;
				CLANG_WARN_OBJC_ROOT_CLASS = YES_ERROR;
				CLANG_WARN_QUOTED_INCLUDE_IN_FRAMEWORK_HEADER = YES;
				CLANG_WARN_RANGE_LOOP_ANALYSIS = YES;
				CLANG_WARN_STRICT_PROTOTYPES = YES;
				CLANG_WARN_SUSPICIOUS_MOVE = YES;
				CLANG_WARN_UNGUARDED_AVAILABILITY = YES_AGGRESSIVE;
				CLANG_WARN_UNREACHABLE_CODE = YES;
				CLANG_WARN__DUPLICATE_METHOD_MATCH = YES;
				COPY_PHASE_STRIP = NO;
				DEBUG_INFORMATION_FORMAT = dwarf;
				ENABLE_STRICT_OBJC_MSGSEND = YES;
				ENABLE_TESTABILITY = YES;
				GCC_C_LANGUAGE_STANDARD = gnu11;
				GCC_DYNAMIC_NO_PIC = NO;
				GCC_NO_COMMON_BLOCKS = YES;
				GCC_OPTIMIZATION_LEVEL = 0;
				GCC_PREPROCESSOR_DEFINITIONS = (
					"DEBUG=1",
					"$(inherited)",
				);
				GCC_WARN_64_TO_32_BIT_CONVERSION = YES;
				GCC_WARN_ABOUT_RETURN_TYPE = YES_ERROR;
				GCC_WARN_UNDECLARED_SELECTOR = YES;
				GCC_WARN_UNINITIALIZED_AUTOS = YES_AGGRESSIVE;
				GCC_WARN_UNUSED_FUNCTION = YES;
				GCC_WARN_UNUSED_VARIABLE = YES;
				IPHONEOS_DEPLOYMENT_TARGET = 16.4;
				MTL_ENABLE_DEBUG_INFO = INCLUDE_SOURCE;
				MTL_FAST_MATH = YES;
				ONLY_ACTIVE_ARCH = YES;
				SDKROOT = iphoneos;
				SWIFT_ACTIVE_COMPILATION_CONDITIONS = DEBUG;
				SWIFT_OPTIMIZATION_LEVEL = "-Onone";
			};
			name = Debug;
		};
		44A8BE492A1B66E400BE536D /* Release */ = {
			isa = XCBuildConfiguration;
			buildSettings = {
				ALWAYS_SEARCH_USER_PATHS = NO;
				CLANG_ANALYZER_NONNULL = YES;
				CLANG_ANALYZER_NUMBER_OBJECT_CONVERSION = YES_AGGRESSIVE;
				CLANG_CXX_LANGUAGE_STANDARD = "gnu++20";
				CLANG_ENABLE_MODULES = YES;
				CLANG_ENABLE_OBJC_ARC = YES;
				CLANG_ENABLE_OBJC_WEAK = YES;
				CLANG_WARN_BLOCK_CAPTURE_AUTORELEASING = YES;
				CLANG_WARN_BOOL_CONVERSION = YES;
				CLANG_WARN_COMMA = YES;
				CLANG_WARN_CONSTANT_CONVERSION = YES;
				CLANG_WARN_DEPRECATED_OBJC_IMPLEMENTATIONS = YES;
				CLANG_WARN_DIRECT_OBJC_ISA_USAGE = YES_ERROR;
				CLANG_WARN_DOCUMENTATION_COMMENTS = YES;
				CLANG_WARN_EMPTY_BODY = YES;
				CLANG_WARN_ENUM_CONVERSION = YES;
				CLANG_WARN_INFINITE_RECURSION = YES;
				CLANG_WARN_INT_CONVERSION = YES;
				CLANG_WARN_NON_LITERAL_NULL_CONVERSION = YES;
				CLANG_WARN_OBJC_IMPLICIT_RETAIN_SELF = YES;
				CLANG_WARN_OBJC_LITERAL_CONVERSION = YES;
				CLANG_WARN_OBJC_ROOT_CLASS = YES_ERROR;
				CLANG_WARN_QUOTED_INCLUDE_IN_FRAMEWORK_HEADER = YES;
				CLANG_WARN_RANGE_LOOP_ANALYSIS = YES;
				CLANG_WARN_STRICT_PROTOTYPES = YES;
				CLANG_WARN_SUSPICIOUS_MOVE = YES;
				CLANG_WARN_UNGUARDED_AVAILABILITY = YES_AGGRESSIVE;
				CLANG_WARN_UNREACHABLE_CODE = YES;
				CLANG_WARN__DUPLICATE_METHOD_MATCH = YES;
				COPY_PHASE_STRIP = NO;
				DEBUG_INFORMATION_FORMAT = "dwarf-with-dsym";
				ENABLE_NS_ASSERTIONS = NO;
				ENABLE_STRICT_OBJC_MSGSEND = YES;
				GCC_C_LANGUAGE_STANDARD = gnu11;
				GCC_NO_COMMON_BLOCKS = YES;
				GCC_WARN_64_TO_32_BIT_CONVERSION = YES;
				GCC_WARN_ABOUT_RETURN_TYPE = YES_ERROR;
				GCC_WARN_UNDECLARED_SELECTOR = YES;
				GCC_WARN_UNINITIALIZED_AUTOS = YES_AGGRESSIVE;
				GCC_WARN_UNUSED_FUNCTION = YES;
				GCC_WARN_UNUSED_VARIABLE = YES;
				IPHONEOS_DEPLOYMENT_TARGET = 16.4;
				MTL_ENABLE_DEBUG_INFO = NO;
				MTL_FAST_MATH = YES;
				SDKROOT = iphoneos;
				SWIFT_COMPILATION_MODE = wholemodule;
				SWIFT_OPTIMIZATION_LEVEL = "-O";
				VALIDATE_PRODUCT = YES;
			};
			name = Release;
		};
		44A8BE4B2A1B66E400BE536D /* Debug */ = {
			isa = XCBuildConfiguration;
			buildSettings = {
				ASSETCATALOG_COMPILER_APPICON_NAME = AppIcon;
				ASSETCATALOG_COMPILER_GLOBAL_ACCENT_COLOR_NAME = AccentColor;
				CODE_SIGN_STYLE = Automatic;
				CURRENT_PROJECT_VERSION = 1;
				DEVELOPMENT_ASSET_PATHS = "\"GameFinder/Preview Content\"";
				DEVELOPMENT_TEAM = GSJL8ACDV5;
				ENABLE_PREVIEWS = YES;
				GENERATE_INFOPLIST_FILE = YES;
				INFOPLIST_KEY_UIApplicationSceneManifest_Generation = YES;
				INFOPLIST_KEY_UIApplicationSupportsIndirectInputEvents = YES;
				INFOPLIST_KEY_UILaunchScreen_Generation = YES;
				INFOPLIST_KEY_UISupportedInterfaceOrientations_iPad = "UIInterfaceOrientationPortrait UIInterfaceOrientationPortraitUpsideDown UIInterfaceOrientationLandscapeLeft UIInterfaceOrientationLandscapeRight";
				INFOPLIST_KEY_UISupportedInterfaceOrientations_iPhone = "UIInterfaceOrientationPortrait UIInterfaceOrientationLandscapeLeft UIInterfaceOrientationLandscapeRight";
				LD_RUNPATH_SEARCH_PATHS = (
					"$(inherited)",
					"@executable_path/Frameworks",
				);
				MARKETING_VERSION = 1.0;
				PRODUCT_BUNDLE_IDENTIFIER = com.pras.GameFinder;
				PRODUCT_NAME = "$(TARGET_NAME)";
				SWIFT_EMIT_LOC_STRINGS = YES;
				SWIFT_VERSION = 5.0;
				TARGETED_DEVICE_FAMILY = "1,2";
			};
			name = Debug;
		};
		44A8BE4C2A1B66E400BE536D /* Release */ = {
			isa = XCBuildConfiguration;
			buildSettings = {
				ASSETCATALOG_COMPILER_APPICON_NAME = AppIcon;
				ASSETCATALOG_COMPILER_GLOBAL_ACCENT_COLOR_NAME = AccentColor;
				CODE_SIGN_STYLE = Automatic;
				CURRENT_PROJECT_VERSION = 1;
				DEVELOPMENT_ASSET_PATHS = "\"GameFinder/Preview Content\"";
				DEVELOPMENT_TEAM = GSJL8ACDV5;
				ENABLE_PREVIEWS = YES;
				GENERATE_INFOPLIST_FILE = YES;
				INFOPLIST_KEY_UIApplicationSceneManifest_Generation = YES;
				INFOPLIST_KEY_UIApplicationSupportsIndirectInputEvents = YES;
				INFOPLIST_KEY_UILaunchScreen_Generation = YES;
				INFOPLIST_KEY_UISupportedInterfaceOrientations_iPad = "UIInterfaceOrientationPortrait UIInterfaceOrientationPortraitUpsideDown UIInterfaceOrientationLandscapeLeft UIInterfaceOrientationLandscapeRight";
				INFOPLIST_KEY_UISupportedInterfaceOrientations_iPhone = "UIInterfaceOrientationPortrait UIInterfaceOrientationLandscapeLeft UIInterfaceOrientationLandscapeRight";
				LD_RUNPATH_SEARCH_PATHS = (
					"$(inherited)",
					"@executable_path/Frameworks",
				);
				MARKETING_VERSION = 1.0;
				PRODUCT_BUNDLE_IDENTIFIER = com.pras.GameFinder;
				PRODUCT_NAME = "$(TARGET_NAME)";
				SWIFT_EMIT_LOC_STRINGS = YES;
				SWIFT_VERSION = 5.0;
				TARGETED_DEVICE_FAMILY = "1,2";
			};
			name = Release;
		};
/* End XCBuildConfiguration section */

/* Begin XCConfigurationList section */
		44A8BE322A1B66E200BE536D /* Build configuration list for PBXProject "GameFinder" */ = {
			isa = XCConfigurationList;
			buildConfigurations = (
				44A8BE482A1B66E400BE536D /* Debug */,
				44A8BE492A1B66E400BE536D /* Release */,
			);
			defaultConfigurationIsVisible = 0;
			defaultConfigurationName = Release;
		};
		44A8BE4A2A1B66E400BE536D /* Build configuration list for PBXNativeTarget "GameFinder" */ = {
			isa = XCConfigurationList;
			buildConfigurations = (
				44A8BE4B2A1B66E400BE536D /* Debug */,
				44A8BE4C2A1B66E400BE536D /* Release */,
			);
			defaultConfigurationIsVisible = 0;
			defaultConfigurationName = Release;
		};
/* End XCConfigurationList section */

/* Begin XCVersionGroup section */
		44A8BE452A1B66E400BE536D /* GameFinder.xcdatamodeld */ = {
			isa = XCVersionGroup;
			children = (
				44A8BE462A1B66E400BE536D /* GameFinder.xcdatamodel */,
			);
			currentVersion = 44A8BE462A1B66E400BE536D /* GameFinder.xcdatamodel */;
			path = GameFinder.xcdatamodeld;
			sourceTree = "<group>";
			versionGroupType = wrapper.xcdatamodel;
		};
/* End XCVersionGroup section */
	};
	rootObject = 44A8BE2F2A1B66E200BE536D /* Project object */;
}
